{
  "requires": true,
  "lockfileVersion": 1,
  "dependencies": {
    "validator": {
      "version": "13.5.1",
      "resolved": "https://registry.npmjs.org/validator/-/validator-13.5.1.tgz",
      "integrity": "sha512-s+7LW1Xi0OzPNfGN7Hb2vk0YB/epp9KFHHGC5JtqZOE1dUkN4ULPFZAQ1inCu7ceAsWmOJu6sn9cnwm3R+ghWQ=="
    }
  }
}
