{
  "name": "pipeline",
  "version": "2.0.0",
  "lockfileVersion": 1,
  "requires": true,
  "dependencies": {
    "@cartok/dagre-d3": {
      "version": "0.4.59",
      "resolved": "https://npm.l3portal.de:4873/@cartok%2fdagre-d3/-/dagre-d3-0.4.59.tgz",
      "integrity": "sha512-Ppvo8gzX9OlY5aZite+O7YywwYfaMFCujskXcJw3Cn+ceIm0J1sLVJo9bcUyEXS9KJUhh9WNEdHs6fiGbejO5g==",
      "requires": {
        "d3": "4.10.0",
        "dagre": "^0.7.4",
        "graphlib": "^2.1.1",
        "jquery": "^3.2.1",
        "lodash": "^4.17.4"
      },
      "dependencies": {
        "d3": {
          "version": "4.10.0",
          "resolved": "https://npm.l3portal.de:4873/d3/-/d3-4.10.0.tgz",
          "integrity": "sha512-PXnXfSEgrYOspAIU4ujlsJuIVHvVbT/AidBMedq6XRPXbbUwPI2rqe9kbuQofCaAW/IipdT5gSbTKw/5Xjbb5Q==",
          "requires": {
            "d3-array": "1.2.0",
            "d3-axis": "1.0.8",
            "d3-brush": "1.0.4",
            "d3-chord": "1.0.4",
            "d3-collection": "1.0.4",
            "d3-color": "1.0.3",
            "d3-dispatch": "1.0.3",
            "d3-drag": "1.1.1",
            "d3-dsv": "1.0.5",
            "d3-ease": "1.0.3",
            "d3-force": "1.0.6",
            "d3-format": "1.2.0",
            "d3-geo": "1.6.4",
            "d3-hierarchy": "1.1.5",
            "d3-interpolate": "1.1.5",
            "d3-path": "1.0.5",
            "d3-polygon": "1.0.3",
            "d3-quadtree": "1.0.3",
            "d3-queue": "3.0.7",
            "d3-random": "1.1.0",
            "d3-request": "1.0.5",
            "d3-scale": "1.0.6",
            "d3-selection": "1.1.0",
            "d3-shape": "1.2.0",
            "d3-time": "1.0.7",
            "d3-time-format": "2.0.5",
            "d3-timer": "1.0.6",
            "d3-transition": "1.1.0",
            "d3-voronoi": "1.1.2",
            "d3-zoom": "1.5.0"
          }
        }
      }
    },
    "@cartok/hierarchy-select": {
      "version": "1.1.17",
      "resolved": "https://npm.l3portal.de:4873/@cartok%2fhierarchy-select/-/hierarchy-select-1.1.17.tgz",
      "integrity": "sha512-Ssip1u20pxZbgf/bdRokueyO3JSSRwRAxovN57B9FvtLmS0/k/u+QkyvqEmYWsl7SWzasnx6s2JuaOolq8LnbQ=="
    },
    "commander": {
      "version": "2.17.1",
      "resolved": "https://npm.l3portal.de:4873/commander/-/commander-2.17.1.tgz",
      "integrity": "sha512-wPMUt6FnH2yzG95SA6mzjQOEKUU3aLaDEmzs1ti+1E9h+CsrZghRlqEM/EJ4KscsQVG8uNN4uVreUeT8+drlgg=="
    },
    "d3": {
      "version": "3.5.17",
      "resolved": "https://npm.l3portal.de:4873/d3/-/d3-3.5.17.tgz",
      "integrity": "sha1-vEZ0gAQ3iyGjYMn8fPUjF5B2L7g="
    },
    "d3-array": {
      "version": "1.2.0",
      "resolved": "https://npm.l3portal.de:4873/d3-array/-/d3-array-1.2.0.tgz",
      "integrity": "sha1-FH0mlyDhdMQFen9CvosPPyulMQg="
    },
    "d3-axis": {
      "version": "1.0.8",
      "resolved": "https://npm.l3portal.de:4873/d3-axis/-/d3-axis-1.0.8.tgz",
      "integrity": "sha1-MacFoLU15ldZ3hQXOjGTMTfxjvo="
    },
    "d3-brush": {
      "version": "1.0.4",
      "resolved": "https://npm.l3portal.de:4873/d3-brush/-/d3-brush-1.0.4.tgz",
      "integrity": "sha1-AMLyOAGfJPbAoZSibUGhUw/+e8Q=",
      "requires": {
        "d3-dispatch": "1",
        "d3-drag": "1",
        "d3-interpolate": "1",
        "d3-selection": "1",
        "d3-transition": "1"
      }
    },
    "d3-chord": {
      "version": "1.0.4",
      "resolved": "https://npm.l3portal.de:4873/d3-chord/-/d3-chord-1.0.4.tgz",
      "integrity": "sha1-fexPC6iG9xP+ERxF92NBT290yiw=",
      "requires": {
        "d3-array": "1",
        "d3-path": "1"
      }
    },
    "d3-collection": {
      "version": "1.0.4",
      "resolved": "https://npm.l3portal.de:4873/d3-collection/-/d3-collection-1.0.4.tgz",
      "integrity": "sha1-NC39EoN8kJdPM/HMCnha6lcNzcI="
    },
    "d3-color": {
      "version": "1.0.3",
      "resolved": "https://npm.l3portal.de:4873/d3-color/-/d3-color-1.0.3.tgz",
      "integrity": "sha1-vHZD/KjlOoNH4vva/6I2eWtYUJs="
    },
    "d3-dispatch": {
      "version": "1.0.3",
      "resolved": "https://npm.l3portal.de:4873/d3-dispatch/-/d3-dispatch-1.0.3.tgz",
      "integrity": "sha1-RuFJHqqbWMNY/OW+TovtYm54cfg="
    },
    "d3-drag": {
      "version": "1.1.1",
      "resolved": "https://npm.l3portal.de:4873/d3-drag/-/d3-drag-1.1.1.tgz",
      "integrity": "sha512-51aazbUuZZhPZzXv9xxwPOJTeDSVv8cXNd8oFxqJyR8ZBD9yLd09CFGSDSm3ArViHg2D5Wo1qCaKl7Efj/qchg==",
      "requires": {
        "d3-dispatch": "1",
        "d3-selection": "1"
      }
    },
    "d3-dsv": {
      "version": "1.0.5",
      "resolved": "https://npm.l3portal.de:4873/d3-dsv/-/d3-dsv-1.0.5.tgz",
      "integrity": "sha1-QZ99tH9ih4n8P9tjbmeESdCCETY=",
      "requires": {
        "commander": "2",
        "iconv-lite": "0.4",
        "rw": "1"
      }
    },
    "d3-ease": {
      "version": "1.0.3",
      "resolved": "https://npm.l3portal.de:4873/d3-ease/-/d3-ease-1.0.3.tgz",
      "integrity": "sha1-aL+8NJM4o4DETYrMT7wzBKotjA4="
    },
    "d3-force": {
      "version": "1.0.6",
      "resolved": "https://npm.l3portal.de:4873/d3-force/-/d3-force-1.0.6.tgz",
      "integrity": "sha1-6n4bdzDiZkzTFPWU1nGMV8wTK3k=",
      "requires": {
        "d3-collection": "1",
        "d3-dispatch": "1",
        "d3-quadtree": "1",
        "d3-timer": "1"
      }
    },
    "d3-format": {
      "version": "1.2.0",
      "resolved": "https://npm.l3portal.de:4873/d3-format/-/d3-format-1.2.0.tgz",
      "integrity": "sha1-a0gLqohohdRlHcJIqPSsnaFtsHo="
    },
    "d3-geo": {
      "version": "1.6.4",
      "resolved": "https://npm.l3portal.de:4873/d3-geo/-/d3-geo-1.6.4.tgz",
      "integrity": "sha1-8g4eRhyxhF9ai+Vatvh2VCp+MZk=",
      "requires": {
        "d3-array": "1"
      }
    },
    "d3-hierarchy": {
      "version": "1.1.5",
      "resolved": "https://npm.l3portal.de:4873/d3-hierarchy/-/d3-hierarchy-1.1.5.tgz",
      "integrity": "sha1-ochFxC+Eoga88cAcAQmOpN2qeiY="
    },
    "d3-interpolate": {
      "version": "1.1.5",
      "resolved": "https://npm.l3portal.de:4873/d3-interpolate/-/d3-interpolate-1.1.5.tgz",
      "integrity": "sha1-aeCZ/zkhRxblY8muw+qdHqS4p58=",
      "requires": {
        "d3-color": "1"
      }
    },
    "d3-path": {
      "version": "1.0.5",
      "resolved": "https://npm.l3portal.de:4873/d3-path/-/d3-path-1.0.5.tgz",
      "integrity": "sha1-JB6xhJvZ6egCHA0KeZ+KDo5EF2Q="
    },
    "d3-polygon": {
      "version": "1.0.3",
      "resolved": "https://npm.l3portal.de:4873/d3-polygon/-/d3-polygon-1.0.3.tgz",
      "integrity": "sha1-FoiOkCZGCTPysXllKtN4Ik04LGI="
    },
    "d3-quadtree": {
      "version": "1.0.3",
      "resolved": "https://npm.l3portal.de:4873/d3-quadtree/-/d3-quadtree-1.0.3.tgz",
      "integrity": "sha1-rHmH4+I/6AWpkPKOG1DTj8uCJDg="
    },
    "d3-queue": {
      "version": "3.0.7",
      "resolved": "https://npm.l3portal.de:4873/d3-queue/-/d3-queue-3.0.7.tgz",
      "integrity": "sha1-yTouVLQXwJWRKdfXP2z31Ckudhg="
    },
    "d3-random": {
      "version": "1.1.0",
      "resolved": "https://npm.l3portal.de:4873/d3-random/-/d3-random-1.1.0.tgz",
      "integrity": "sha1-ZkLlBsb6OmSFldKyRpeIqNElKdM="
    },
    "d3-request": {
      "version": "1.0.5",
      "resolved": "https://npm.l3portal.de:4873/d3-request/-/d3-request-1.0.5.tgz",
      "integrity": "sha1-TarpRtHdDVff4B8CKVY1SVjVHyM=",
      "requires": {
        "d3-collection": "1",
        "d3-dispatch": "1",
        "d3-dsv": "1",
        "xmlhttprequest": "1"
      }
    },
    "d3-scale": {
      "version": "1.0.6",
      "resolved": "https://npm.l3portal.de:4873/d3-scale/-/d3-scale-1.0.6.tgz",
      "integrity": "sha1-vOGdqA06DPQiyVQ64zIghiILNO0=",
      "requires": {
        "d3-array": "^1.2.0",
        "d3-collection": "1",
        "d3-color": "1",
        "d3-format": "1",
        "d3-interpolate": "1",
        "d3-time": "1",
        "d3-time-format": "2"
      }
    },
    "d3-selection": {
      "version": "1.1.0",
      "resolved": "https://npm.l3portal.de:4873/d3-selection/-/d3-selection-1.1.0.tgz",
      "integrity": "sha1-GZhoSJZIj4OcoDchI9o08dMYgJw="
    },
    "d3-shape": {
      "version": "1.2.0",
      "resolved": "https://npm.l3portal.de:4873/d3-shape/-/d3-shape-1.2.0.tgz",
      "integrity": "sha1-RdAVOPBkuv0F6j1tLLdI/YxB93c=",
      "requires": {
        "d3-path": "1"
      }
    },
    "d3-time": {
      "version": "1.0.7",
      "resolved": "https://npm.l3portal.de:4873/d3-time/-/d3-time-1.0.7.tgz",
      "integrity": "sha1-lMr27bt4ebuAnQ0fdXK8SEgvcnA="
    },
    "d3-time-format": {
      "version": "2.0.5",
      "resolved": "https://npm.l3portal.de:4873/d3-time-format/-/d3-time-format-2.0.5.tgz",
      "integrity": "sha1-nXeAIE98kRnJFwsaVttN6aivly4=",
      "requires": {
        "d3-time": "1"
      }
    },
    "d3-timer": {
      "version": "1.0.6",
      "resolved": "https://npm.l3portal.de:4873/d3-timer/-/d3-timer-1.0.6.tgz",
      "integrity": "sha1-QES/FdcCXAbOfRFJ9zzQe1Tb14Q="
    },
    "d3-tip": {
      "version": "0.6.8",
      "resolved": "https://npm.l3portal.de:4873/d3-tip/-/d3-tip-0.6.8.tgz",
      "integrity": "sha1-5bRJGuiYP95kbqSQCP9UKgM8Ciw=",
      "requires": {
        "d3": "^3.5.5"
      }
    },
    "d3-transition": {
      "version": "1.1.0",
      "resolved": "https://npm.l3portal.de:4873/d3-transition/-/d3-transition-1.1.0.tgz",
      "integrity": "sha1-z8hcdOUjkyQpBUZiNXKZBWDDlm8=",
      "requires": {
        "d3-color": "1",
        "d3-dispatch": "1",
        "d3-ease": "1",
        "d3-interpolate": "1",
        "d3-selection": "^1.1.0",
        "d3-timer": "1"
      }
    },
    "d3-voronoi": {
      "version": "1.1.2",
      "resolved": "https://npm.l3portal.de:4873/d3-voronoi/-/d3-voronoi-1.1.2.tgz",
      "integrity": "sha1-Fodmfo8TotFYyAwUgMWinLDYlzw="
    },
    "d3-zoom": {
      "version": "1.5.0",
      "resolved": "https://npm.l3portal.de:4873/d3-zoom/-/d3-zoom-1.5.0.tgz",
      "integrity": "sha512-tc/ONeSUVuwHczjjK4jQPd0T1iZ+lfsz8TbguAAceY5qs057hp4WLglkPWValkuVjCyeGpqiA2iTm8S++NJ84w==",
      "requires": {
        "d3-dispatch": "1",
        "d3-drag": "1",
        "d3-interpolate": "1",
        "d3-selection": "1",
        "d3-transition": "1"
      }
    },
    "dagre": {
      "version": "0.7.4",
      "resolved": "https://npm.l3portal.de:4873/dagre/-/dagre-0.7.4.tgz",
      "integrity": "sha1-3nLw50pVDOEc5jjwoTb+1xI5gCI=",
      "requires": {
        "graphlib": "^1.0.5",
        "lodash": "^3.10.0"
      },
      "dependencies": {
        "graphlib": {
          "version": "1.0.7",
          "resolved": "https://npm.l3portal.de:4873/graphlib/-/graphlib-1.0.7.tgz",
          "integrity": "sha1-DKst8P/mq+BwsmJb+h7bbslnuLE=",
          "requires": {
            "lodash": "^3.10.0"
          }
        },
        "lodash": {
          "version": "3.10.1",
          "resolved": "https://npm.l3portal.de:4873/lodash/-/lodash-3.10.1.tgz",
          "integrity": "sha1-W/Rejkm6QYnhfUgnid/RW9FAt7Y="
        }
      }
    },
    "datatables.net": {
      "version": "1.10.19",
      "resolved": "https://npm.l3portal.de:4873/datatables.net/-/datatables.net-1.10.19.tgz",
      "integrity": "sha512-+ljXcI6Pj3PTGy5pesp3E5Dr3x3AV45EZe0o1r0gKENN2gafBKXodVnk2ypKwl2tTmivjxbkiqoWnipTefyBTA==",
      "requires": {
        "jquery": ">=1.7"
      }
    },
    "datatables.net-bs": {
      "version": "1.10.19",
      "resolved": "https://npm.l3portal.de:4873/datatables.net-bs/-/datatables.net-bs-1.10.19.tgz",
      "integrity": "sha512-5gxoI2n+duZP06+4xVC2TtH6zcY369/TRKTZ1DdSgDcDUl4OYQsrXCuaLJmbVzna/5Y5lrMmK7CxgvYgIynICA==",
      "requires": {
        "datatables.net": "1.10.19",
        "jquery": ">=1.7"
      }
    },
    "datatables.net-buttons": {
      "version": "1.5.3",
      "resolved": "https://npm.l3portal.de:4873/datatables.net-buttons/-/datatables.net-buttons-1.5.3.tgz",
      "integrity": "sha512-qGdYiquuIvoZSH0jkRTcVnS1LlCuJFOSlIX5wNmK+3267Ryq6r9llKFtgrIORkSlyy+M1TJMViFJxRSX5W62GA==",
      "requires": {
        "datatables.net": "^1.10.15",
        "jquery": ">=1.7"
      }
    },
    "datatables.net-buttons-bs": {
      "version": "1.5.3",
      "resolved": "https://npm.l3portal.de:4873/datatables.net-buttons-bs/-/datatables.net-buttons-bs-1.5.3.tgz",
      "integrity": "sha512-kxhcdy6tUFyQt0MV6p1kFqJ+nhZjYxSkftKIAEMuLWVDhYZ5bQJkDUBOpiWAjqHz5KqXorRqxYP0TzPLuGld5A==",
      "requires": {
        "datatables.net-bs": "^1.10.15",
        "datatables.net-buttons": "1.5.3",
        "jquery": ">=1.7"
      }
    },
    "datatables.net-colreorder": {
      "version": "1.5.1",
      "resolved": "https://npm.l3portal.de:4873/datatables.net-colreorder/-/datatables.net-colreorder-1.5.1.tgz",
      "integrity": "sha512-nKV0ZBOdOG+CCrtDZZlTOvhu9NC53pr4rYR8Xhd3KIKipLZohWWdBoOFGMu+VKDvllg2Xj79oS/wicYSiNyteA==",
      "requires": {
        "datatables.net": "^1.10.15",
        "jquery": ">=1.7"
      }
    },
    "datatables.net-colreorder-bs": {
      "version": "1.5.1",
      "resolved": "https://npm.l3portal.de:4873/datatables.net-colreorder-bs/-/datatables.net-colreorder-bs-1.5.1.tgz",
      "integrity": "sha512-AAm7qewx83ov9sy6Vip2WOgkSJPPDtxj0a+zTBtHvHX1iHwX1TBY5TXmtLLsjyrUIEJSOw3o5dxXi+xRonNchQ==",
      "requires": {
        "datatables.net-bs": "^1.10.15",
        "datatables.net-colreorder": "1.5.1",
        "jquery": ">=1.7"
      }
    },
    "datatables.net-fixedheader": {
      "version": "3.1.5",
      "resolved": "https://npm.l3portal.de:4873/datatables.net-fixedheader/-/datatables.net-fixedheader-3.1.5.tgz",
      "integrity": "sha512-k5Hdj9uDe9iodr/F5Upq7D3rkO6Cw6XpnPRlfk38B0Imb+Fqe7aB3Jn88A4D79Rbla3sqO3ifQOwWoO9qlHetA==",
      "requires": {
        "datatables.net": "^1.10.15",
        "jquery": ">=1.7"
      }
    },
    "datatables.net-fixedheader-bs": {
      "version": "3.1.5",
      "resolved": "https://npm.l3portal.de:4873/datatables.net-fixedheader-bs/-/datatables.net-fixedheader-bs-3.1.5.tgz",
      "integrity": "sha512-fCu5XtHu+wCC8ttf023CyhBFnuwbGVh2pGMSCincG1iY4541CbLmcjVPMzhU3UYaVv5ljaHEdc33bQufs6bwnw==",
      "requires": {
        "datatables.net-bs": "^1.10.15",
        "datatables.net-fixedheader": "3.1.5",
        "jquery": ">=1.7"
      }
    },
    "datatables.net-keytable": {
      "version": "2.4.1",
      "resolved": "https://npm.l3portal.de:4873/datatables.net-keytable/-/datatables.net-keytable-2.4.1.tgz",
      "integrity": "sha512-01lSKN7QoIcITiEI9EDuv33/AG/VXQ5pYhQcx/UzWOdaeH9U0G4Hq2lAZZOUXCd0dkXQfYHXD8VUzdZxZGruPw==",
      "requires": {
        "datatables.net": "^1.10.15",
        "jquery": ">=1.7"
      }
    },
    "datatables.net-keytable-bs": {
      "version": "2.4.1",
      "resolved": "https://npm.l3portal.de:4873/datatables.net-keytable-bs/-/datatables.net-keytable-bs-2.4.1.tgz",
      "integrity": "sha512-lIjx26CwtPFmOXS/zz6n76HKqrxBfZOzglls8WyWRtqY74bpNOKVMB0qhsjdzRQ1d2IrL9sDbjeLTtbJCan8kg==",
      "requires": {
        "datatables.net-bs": "^1.10.15",
        "datatables.net-keytable": "2.4.1",
        "jquery": ">=1.7"
      }
    },
    "datatables.net-responsive": {
      "version": "2.2.3",
      "resolved": "https://npm.l3portal.de:4873/datatables.net-responsive/-/datatables.net-responsive-2.2.3.tgz",
      "integrity": "sha512-8D6VtZcyuH3FG0Hn5A4LPZQEOX3+HrRFM7HjpmsQc/nQDBbdeBLkJX4Sh/o1nzFTSneuT1Wh/lYZHVPpjcN+Sw==",
      "requires": {
        "datatables.net": "^1.10.15",
        "jquery": ">=1.7"
      }
    },
    "datatables.net-responsive-bs": {
      "version": "2.2.3",
      "resolved": "https://npm.l3portal.de:4873/datatables.net-responsive-bs/-/datatables.net-responsive-bs-2.2.3.tgz",
      "integrity": "sha512-tQZiqqjXGlTiRBlBP3lON7ULThiMc0sLh4hT5xLaHRWBniaQkIMNhIzX9RRybWjOEQcHS7LA/ZiwE2S7rYqq9w==",
      "requires": {
        "datatables.net-bs": "^1.10.15",
        "datatables.net-responsive": "2.2.3",
        "jquery": ">=1.7"
      }
    },
    "datatables.net-scroller": {
      "version": "1.5.1",
      "resolved": "https://npm.l3portal.de:4873/datatables.net-scroller/-/datatables.net-scroller-1.5.1.tgz",
      "integrity": "sha512-aMUarBCREmrSLE0n0NBmOMI55Re+EV4KMpR1rMc2l8jhoE+UQWF1Xe0AYuR4342ybesb1WW8U3RVlLdS6gQCmg==",
      "requires": {
        "datatables.net": "^1.10.15",
        "jquery": ">=1.7"
      }
    },
    "datatables.net-scroller-bs": {
      "version": "1.5.1",
      "resolved": "https://npm.l3portal.de:4873/datatables.net-scroller-bs/-/datatables.net-scroller-bs-1.5.1.tgz",
      "integrity": "sha512-AY/tYXPPa5PtDXP3QYaHGwIgXeE5hLTPW18FGNV/DWYBCPx53eA95scgQsL5RYAZrHqw1j49kih5HzbqlBLSNQ==",
      "requires": {
        "datatables.net-bs": "^1.10.15",
        "datatables.net-scroller": "1.5.1",
        "jquery": ">=1.7"
      }
    },
    "datatables.net-select": {
      "version": "1.2.7",
      "resolved": "https://npm.l3portal.de:4873/datatables.net-select/-/datatables.net-select-1.2.7.tgz",
      "integrity": "sha512-C3XDi7wpruGjDXV36dc9hN/FrAX9GOFvBZ7+KfKJTBNkGFbbhdzHS91SMeGiwRXPYivAyxfPTcVVndVaO83uBQ==",
      "requires": {
        "datatables.net": "^1.10.15",
        "jquery": ">=1.7"
      }
    },
    "datatables.net-select-bs": {
      "version": "1.2.7",
      "resolved": "https://npm.l3portal.de:4873/datatables.net-select-bs/-/datatables.net-select-bs-1.2.7.tgz",
      "integrity": "sha512-4gG+nlbfyQ1lKQUHfO7Z09BOztw9dI7kgRXMe4N0s3bJiS4cbqf2L/hOMXLiEIHsa8fecrVCLtUkVVG+IamDrQ==",
      "requires": {
        "datatables.net-bs": "^1.10.15",
        "datatables.net-select": "1.2.7",
        "jquery": ">=1.7"
      }
    },
    "dom-node-template": {
      "version": "2.1.5",
      "resolved": "https://npm.l3portal.de:4873/dom-node-template/-/dom-node-template-2.1.5.tgz",
      "integrity": "sha512-NdRKixCW7xwnFmEwYs/zNgK3EE0kz7iBJUX7L1H+KXZj7J3f93F8G09mqWfvN/uqW9Txmciy6IKGzTXDf3gmQA==",
      "requires": {
        "html-tag-names": "^1.1.x",
        "svg-tag-names": "^1.1.x"
      }
    },
    "graphlib": {
      "version": "2.1.5",
      "resolved": "https://npm.l3portal.de:4873/graphlib/-/graphlib-2.1.5.tgz",
      "integrity": "sha512-XvtbqCcw+EM5SqQrIetIKKD+uZVNQtDPD1goIg7K73RuRZtVI5rYMdcCVSHm/AS1sCBZ7vt0p5WgXouucHQaOA==",
      "requires": {
        "lodash": "^4.11.1"
      }
    },
    "html-tag-names": {
      "version": "1.1.3",
      "resolved": "https://npm.l3portal.de:4873/html-tag-names/-/html-tag-names-1.1.3.tgz",
      "integrity": "sha512-kY/ck6Q0lGLxGocn86BM8Q4vCTUCY78VN43h0uMGeZ8p9LU3XdSNQR4Rs3JEjrKZSS5iXI1YgzY0g8U1AFDQzA=="
    },
    "iconv-lite": {
      "version": "0.4.23",
      "resolved": "https://npm.l3portal.de:4873/iconv-lite/-/iconv-lite-0.4.23.tgz",
      "integrity": "sha512-neyTUVFtahjf0mB3dZT77u+8O0QB89jFdnBkd5P1JgYPbPaia3gXXOVL2fq8VyU2gMMD7SaN7QukTB/pmXYvDA==",
      "requires": {
        "safer-buffer": ">= 2.1.2 < 3"
      }
    },
    "jquery": {
      "version": "3.3.1",
      "resolved": "https://npm.l3portal.de:4873/jquery/-/jquery-3.3.1.tgz",
      "integrity": "sha512-Ubldcmxp5np52/ENotGxlLe6aGMvmF4R8S6tZjsP6Knsaxd/xp3Zrh50cG93lR6nPXyUFwzN3ZSOQI0wRJNdGg=="
    },
    "l3p-core": {
      "version": "3.0.13",
      "resolved": "https://npm.l3portal.de:4873/l3p-core/-/l3p-core-3.0.13.tgz",
      "integrity": "sha512-PEDab/ZlGBM5/5zh4VjtOTbG/wo5FwML2S4dLcQKebrlO3EuknZyyzbF74IbwVZNbwK/NMiDtq5mjKyl5/rikg==",
      "requires": {
        "dom-node-template": "^2.1.5",
        "observe-literal": "^0.6.5"
      }
    },
    "list.js": {
      "version": "1.5.0",
      "resolved": "https://npm.l3portal.de:4873/list.js/-/list.js-1.5.0.tgz",
      "integrity": "sha1-pMv8goHd78Av2y0wyHSL+uJfvNo=",
      "requires": {
        "string-natural-compare": "^2.0.2"
      }
    },
    "lodash": {
      "version": "4.17.10",
      "resolved": "https://npm.l3portal.de:4873/lodash/-/lodash-4.17.10.tgz",
      "integrity": "sha512-UejweD1pDoXu+AD825lWwp4ZGtSwgnpZxb3JDViD7StjQz+Nb/6l093lx4OQ0foGWNRoc19mWy7BzL+UAK2iVg=="
    },
    "lodash-es": {
      "version": "4.17.10",
      "resolved": "https://npm.l3portal.de:4873/lodash-es/-/lodash-es-4.17.10.tgz",
      "integrity": "sha512-iesFYPmxYYGTcmQK0sL8bX3TGHyM6b2qREaB4kamHfQyfPJP0xgoGxp19nsH16nsfquLdiyKyX3mQkfiSGV8Rg=="
    },
    "moment": {
      "version": "2.22.2",
      "resolved": "https://npm.l3portal.de:4873/moment/-/moment-2.22.2.tgz",
      "integrity": "sha1-PCV/mDn8DpP/UxSWMiOeuQeD/2Y="
    },
    "observe-literal": {
      "version": "0.6.5",
      "resolved": "https://npm.l3portal.de:4873/observe-literal/-/observe-literal-0.6.5.tgz",
      "integrity": "sha512-QFQbxf0gJ7IXOQIVxmDx1BEsjLw/tdfqA4aDA7k1mxGuczafcP+WQGXkAHS6UbSD3VWA/jrDJE80UBYRkYlUvw==",
      "requires": {
        "lodash": "^4.17.4"
      }
    },
    "rw": {
      "version": "1.3.3",
      "resolved": "https://npm.l3portal.de:4873/rw/-/rw-1.3.3.tgz",
      "integrity": "sha1-P4Yt+pGrdmsUiF700BEkv9oHT7Q="
    },
    "safer-buffer": {
      "version": "2.1.2",
      "resolved": "https://npm.l3portal.de:4873/safer-buffer/-/safer-buffer-2.1.2.tgz",
      "integrity": "sha512-YZo3K82SD7Riyi0E1EQPojLz7kpepnSQI9IyPbHHg1XXXevb5dJI7tpyN2ADxGcQbHG7vcyRHk0cbwqcQriUtg=="
    },
    "string-natural-compare": {
      "version": "2.0.2",
      "resolved": "https://npm.l3portal.de:4873/string-natural-compare/-/string-natural-compare-2.0.2.tgz",
      "integrity": "sha1-xc5OJ4q10SZa5vxVQ1rre3b8sAE="
    },
    "svg-tag-names": {
      "version": "1.1.1",
      "resolved": "https://npm.l3portal.de:4873/svg-tag-names/-/svg-tag-names-1.1.1.tgz",
      "integrity": "sha1-lkGynvcQJe4JTHBD983efZn71Qo="
    },
    "sweetalert2": {
      "version": "6.11.5",
      "resolved": "https://npm.l3portal.de:4873/sweetalert2/-/sweetalert2-6.11.5.tgz",
      "integrity": "sha512-8Otu1SlWGS/u3e31cOg+uqrwyoQbByEScKp7UupmCfwEZE9St3coO1e6CXv83YzZtzdDgowdK1hBPKPW7SRp4Q=="
    },
    "xmlhttprequest": {
      "version": "1.8.0",
      "resolved": "https://npm.l3portal.de:4873/xmlhttprequest/-/xmlhttprequest-1.8.0.tgz",
      "integrity": "sha1-Z/4HXFwk/vOfnWX197f+dRcZaPw="
    }
  }
}
