{
  "name": "sia",
  "version": "3.1.0",
  "lockfileVersion": 1,
  "requires": true,
  "dependencies": {
    "@cartok/object-assign-deep": {
      "version": "0.4.3",
      "resolved": "https://registry.npmjs.org/@cartok/object-assign-deep/-/object-assign-deep-0.4.3.tgz",
      "integrity": "sha512-4lfaPMvb6wwTgkZPQGXPkPIBfO1Nus/8NzjB+xOkXaxVBRxZoOp29AOiVgPhbimn15pUxUWQPQwPSp4buCDRYg=="
    },
    "bootstrap": {
      "version": "4.1.3",
      "resolved": "https://registry.npmjs.org/bootstrap/-/bootstrap-4.1.3.tgz",
      "integrity": "sha512-rDFIzgXcof0jDyjNosjv4Sno77X4KuPeFxG2XZZv1/Kc8DRVGVADdoQyyOVDwPqL36DDmtCQbrpMCqvpPLJQ0w=="
    },
    "cash-dom": {
      "version": "2.3.9",
      "resolved": "https://registry.npmjs.org/cash-dom/-/cash-dom-2.3.9.tgz",
      "integrity": "sha512-2a4/LSFQPMbLhBYiJ5Z5rEz5Pic8jMVUqkqZ42w01gkopVUnxnaJcvZifcx6QFykJyWDsUWfISt4xRSyjAaK9w=="
    },
    "dbly-linked-list": {
      "version": "0.2.0",
      "resolved": "https://registry.npmjs.org/dbly-linked-list/-/dbly-linked-list-0.2.0.tgz",
      "integrity": "sha512-Ool7y15f6JRDs0YKx7Dh9uiTb1jS1SZLNdT3Y2q16DlaEghXbMsmODS/XittjR2xztt1gJUpz7jVxpqAPF8VGg==",
      "requires": {
        "lodash.isequal": "^4.5.0"
      }
    },
    "dom-node-template": {
      "version": "3.0.3",
      "resolved": "https://registry.npmjs.org/dom-node-template/-/dom-node-template-3.0.3.tgz",
      "integrity": "sha512-eY4Z9I+D87dofPA4ph6luyOPFBR2faQbrLgWe9UDDpRU8MvrKn5OtRi7rrvJgo7zeKUggd6ypxz8Glt1tGKnCA=="
    },
    "jquery": {
      "version": "3.3.1",
      "resolved": "https://registry.npmjs.org/jquery/-/jquery-3.3.1.tgz",
      "integrity": "sha512-Ubldcmxp5np52/ENotGxlLe6aGMvmF4R8S6tZjsP6Knsaxd/xp3Zrh50cG93lR6nPXyUFwzN3ZSOQI0wRJNdGg=="
    },
    "l3p-frontend": {
      "version": "3.3.1",
      "resolved": "https://registry.npmjs.org/l3p-frontend/-/l3p-frontend-3.3.1.tgz",
      "integrity": "sha512-dRWJkvLLazwwYfULG/xmxXi4VuYne6lInjGwbkjyXNywjfinla/6KidFMBCLzeCwGI8d2uPfkdhEmTmHVQi7dg==",
      "requires": {
        "dom-node-template": "^3.0.3",
        "literal-observer": "^0.8.4"
      }
    },
    "literal-observer": {
      "version": "0.8.4",
      "resolved": "https://registry.npmjs.org/literal-observer/-/literal-observer-0.8.4.tgz",
      "integrity": "sha512-kLhvwhtednNmY+4Fx0UoLjbUSkYuJmdxzmtRNghOd8pn+nezRdxTmQjcbTE106xeN2jRIP7hVaOAVYQAubR6cg==",
      "requires": {
        "@cartok/object-assign-deep": "^0.4.2"
      }
    },
    "lodash-es": {
      "version": "4.17.11",
      "resolved": "https://registry.npmjs.org/lodash-es/-/lodash-es-4.17.11.tgz",
      "integrity": "sha512-DHb1ub+rMjjrxqlB3H56/6MXtm1lSksDp2rA2cNWjG8mlDUYFhUj3Di2Zn5IwSU87xLv8tNIQ7sSwE/YOX/D/Q=="
    },
    "lodash.isequal": {
      "version": "4.5.0",
      "resolved": "https://registry.npmjs.org/lodash.isequal/-/lodash.isequal-4.5.0.tgz",
      "integrity": "sha1-QVxEePK8wwEgwizhDtMib30+GOA="
    }
  }
}
