{
  "name": "pipeline",
  "version": "2.0.0",
  "lockfileVersion": 1,
  "requires": true,
  "dependencies": {
    "@fortawesome/fontawesome-common-types": {
      "version": "0.2.15",
      "resolved": "https://registry.npmjs.org/@fortawesome/fontawesome-common-types/-/fontawesome-common-types-0.2.15.tgz",
      "integrity": "sha512-ATBRyKJw1d2ko+0DWN9+BXau0EK3I/Q6pPzPv3LhJD7r052YFAkAdfb1Bd7ZqhBsJrdse/S7jKxWUOZ61qBD4g=="
    },
    "@fortawesome/fontawesome-svg-core": {
      "version": "1.2.15",
      "resolved": "https://registry.npmjs.org/@fortawesome/fontawesome-svg-core/-/fontawesome-svg-core-1.2.15.tgz",
      "integrity": "sha512-M/sHyl4g2VBtKYkay1Z+XImMyTVcaBPmehYtPw4HKD9zg2E7eovB7Yx98aUfZjPbroGqa+IL4/+KhWBMOGlHIQ==",
      "requires": {
        "@fortawesome/fontawesome-common-types": "^0.2.15"
      }
    },
    "@fortawesome/free-solid-svg-icons": {
      "version": "5.7.2",
      "resolved": "https://registry.npmjs.org/@fortawesome/free-solid-svg-icons/-/free-solid-svg-icons-5.7.2.tgz",
      "integrity": "sha512-iujcXMyAvIbWM8W3jkOLpvJbR+rPpdN1QyqhZeJaLRdHPH4JmuovIAYP4vx5Sa1csZVXfRD1eDWqVZ/jGM620A==",
      "requires": {
        "@fortawesome/fontawesome-common-types": "^0.2.15"
      }
    },
    "@fortawesome/react-fontawesome": {
      "version": "0.1.4",
      "resolved": "https://registry.npmjs.org/@fortawesome/react-fontawesome/-/react-fontawesome-0.1.4.tgz",
      "integrity": "sha512-GwmxQ+TK7PEdfSwvxtGnMCqrfEm0/HbRHArbUudsYiy9KzVCwndxa2KMcfyTQ8El0vROrq8gOOff09RF1oQe8g==",
      "requires": {
        "humps": "^2.0.1",
        "prop-types": "^15.5.10"
      }
    },
    "@sinonjs/commons": {
      "version": "1.3.0",
      "resolved": "https://registry.npmjs.org/@sinonjs/commons/-/commons-1.3.0.tgz",
      "integrity": "sha512-j4ZwhaHmwsCb4DlDOIWnI5YyKDNMoNThsmwEpfHx6a1EpsGZ9qYLxP++LMlmBRjtGptGHFsGItJ768snllFWpA==",
      "dev": true,
      "requires": {
        "type-detect": "4.0.8"
      }
    },
    "@sinonjs/formatio": {
      "version": "3.1.0",
      "resolved": "https://registry.npmjs.org/@sinonjs/formatio/-/formatio-3.1.0.tgz",
      "integrity": "sha512-ZAR2bPHOl4Xg6eklUGpsdiIJ4+J1SNag1DHHrG/73Uz/nVwXqjgUtRPLoS+aVyieN9cSbc0E4LsU984tWcDyNg==",
      "dev": true,
      "requires": {
        "@sinonjs/samsam": "^2 || ^3"
      }
    },
    "@sinonjs/samsam": {
      "version": "3.0.2",
      "resolved": "https://registry.npmjs.org/@sinonjs/samsam/-/samsam-3.0.2.tgz",
      "integrity": "sha512-m08g4CS3J6lwRQk1pj1EO+KEVWbrbXsmi9Pw0ySmrIbcVxVaedoFgLvFsV8wHLwh01EpROVz3KvVcD1Jmks9FQ==",
      "dev": true,
      "requires": {
        "@sinonjs/commons": "^1.0.2",
        "array-from": "^2.1.1",
        "lodash.get": "^4.4.2"
      }
    },
    "array-from": {
      "version": "2.1.1",
      "resolved": "https://registry.npmjs.org/array-from/-/array-from-2.1.1.tgz",
      "integrity": "sha1-z+nYwmYoudxa7MYqn12PHzUsEZU=",
      "dev": true
    },
    "classnames": {
      "version": "2.2.6",
      "resolved": "https://registry.npmjs.org/classnames/-/classnames-2.2.6.tgz",
      "integrity": "sha512-JR/iSQOSt+LQIWwrwEzJ9uk0xfN3mTVYMwt1Ir5mUcSN6pU+V4zQFFaJsclJbPuAUQH+yfWef6tm7l1quW3C8Q=="
    },
    "commander": {
      "version": "2.19.0",
      "resolved": "https://registry.npmjs.org/commander/-/commander-2.19.0.tgz",
      "integrity": "sha512-6tvAOO+D6OENvRAh524Dh9jcfKTYDQAqvqezbCW82xj5X0pSrcpxtvRKHLG0yBY6SD7PSDrJaj+0AiOcKVd1Xg=="
    },
    "d3": {
      "version": "4.13.0",
      "resolved": "https://registry.npmjs.org/d3/-/d3-4.13.0.tgz",
      "integrity": "sha512-l8c4+0SldjVKLaE2WG++EQlqD7mh/dmQjvi2L2lKPadAVC+TbJC4ci7Uk9bRi+To0+ansgsS0iWfPjD7DBy+FQ==",
      "requires": {
        "d3-array": "1.2.1",
        "d3-axis": "1.0.8",
        "d3-brush": "1.0.4",
        "d3-chord": "1.0.4",
        "d3-collection": "1.0.4",
        "d3-color": "1.0.3",
        "d3-dispatch": "1.0.3",
        "d3-drag": "1.2.1",
        "d3-dsv": "1.0.8",
        "d3-ease": "1.0.3",
        "d3-force": "1.1.0",
        "d3-format": "1.2.2",
        "d3-geo": "1.9.1",
        "d3-hierarchy": "1.1.5",
        "d3-interpolate": "1.1.6",
        "d3-path": "1.0.5",
        "d3-polygon": "1.0.3",
        "d3-quadtree": "1.0.3",
        "d3-queue": "3.0.7",
        "d3-random": "1.1.0",
        "d3-request": "1.0.6",
        "d3-scale": "1.0.7",
        "d3-selection": "1.3.0",
        "d3-shape": "1.2.0",
        "d3-time": "1.0.8",
        "d3-time-format": "2.1.1",
        "d3-timer": "1.0.7",
        "d3-transition": "1.1.1",
        "d3-voronoi": "1.1.2",
        "d3-zoom": "1.7.1"
      },
      "dependencies": {
        "d3-array": {
          "version": "1.2.1",
          "resolved": "https://registry.npmjs.org/d3-array/-/d3-array-1.2.1.tgz",
          "integrity": "sha512-CyINJQ0SOUHojDdFDH4JEM0552vCR1utGyLHegJHyYH0JyCpSeTPxi4OBqHMA2jJZq4NH782LtaJWBImqI/HBw=="
        },
        "d3-drag": {
          "version": "1.2.1",
          "resolved": "https://registry.npmjs.org/d3-drag/-/d3-drag-1.2.1.tgz",
          "integrity": "sha512-Cg8/K2rTtzxzrb0fmnYOUeZHvwa4PHzwXOLZZPwtEs2SKLLKLXeYwZKBB+DlOxUvFmarOnmt//cU4+3US2lyyQ==",
          "requires": {
            "d3-dispatch": "1",
            "d3-selection": "1"
          }
        },
        "d3-dsv": {
          "version": "1.0.8",
          "resolved": "https://registry.npmjs.org/d3-dsv/-/d3-dsv-1.0.8.tgz",
          "integrity": "sha512-IVCJpQ+YGe3qu6odkPQI0KPqfxkhbP/oM1XhhE/DFiYmcXKfCRub4KXyiuehV1d4drjWVXHUWx4gHqhdZb6n/A==",
          "requires": {
            "commander": "2",
            "iconv-lite": "0.4",
            "rw": "1"
          }
        },
        "d3-force": {
          "version": "1.1.0",
          "resolved": "https://registry.npmjs.org/d3-force/-/d3-force-1.1.0.tgz",
          "integrity": "sha512-2HVQz3/VCQs0QeRNZTYb7GxoUCeb6bOzMp/cGcLa87awY9ZsPvXOGeZm0iaGBjXic6I1ysKwMn+g+5jSAdzwcg==",
          "requires": {
            "d3-collection": "1",
            "d3-dispatch": "1",
            "d3-quadtree": "1",
            "d3-timer": "1"
          }
        },
        "d3-format": {
          "version": "1.2.2",
          "resolved": "https://registry.npmjs.org/d3-format/-/d3-format-1.2.2.tgz",
          "integrity": "sha512-zH9CfF/3C8zUI47nsiKfD0+AGDEuM8LwBIP7pBVpyR4l/sKkZqITmMtxRp04rwBrlshIZ17XeFAaovN3++wzkw=="
        },
        "d3-geo": {
          "version": "1.9.1",
          "resolved": "https://registry.npmjs.org/d3-geo/-/d3-geo-1.9.1.tgz",
          "integrity": "sha512-l9wL/cEQkyZQYXw3xbmLsH3eQ5ij+icNfo4r0GrLa5rOCZR/e/3am45IQ0FvQ5uMsv+77zBRunLc9ufTWSQYFA==",
          "requires": {
            "d3-array": "1"
          }
        },
        "d3-interpolate": {
          "version": "1.1.6",
          "resolved": "https://registry.npmjs.org/d3-interpolate/-/d3-interpolate-1.1.6.tgz",
          "integrity": "sha512-mOnv5a+pZzkNIHtw/V6I+w9Lqm9L5bG3OTXPM5A+QO0yyVMQ4W1uZhR+VOJmazaOZXri2ppbiZ5BUNWT0pFM9A==",
          "requires": {
            "d3-color": "1"
          }
        },
        "d3-request": {
          "version": "1.0.6",
          "resolved": "https://registry.npmjs.org/d3-request/-/d3-request-1.0.6.tgz",
          "integrity": "sha512-FJj8ySY6GYuAJHZMaCQ83xEYE4KbkPkmxZ3Hu6zA1xxG2GD+z6P+Lyp+zjdsHf0xEbp2xcluDI50rCS855EQ6w==",
          "requires": {
            "d3-collection": "1",
            "d3-dispatch": "1",
            "d3-dsv": "1",
            "xmlhttprequest": "1"
          }
        },
        "d3-scale": {
          "version": "1.0.7",
          "resolved": "https://registry.npmjs.org/d3-scale/-/d3-scale-1.0.7.tgz",
          "integrity": "sha512-KvU92czp2/qse5tUfGms6Kjig0AhHOwkzXG0+PqIJB3ke0WUv088AHMZI0OssO9NCkXt4RP8yju9rpH8aGB7Lw==",
          "requires": {
            "d3-array": "^1.2.0",
            "d3-collection": "1",
            "d3-color": "1",
            "d3-format": "1",
            "d3-interpolate": "1",
            "d3-time": "1",
            "d3-time-format": "2"
          }
        },
        "d3-selection": {
          "version": "1.3.0",
          "resolved": "https://registry.npmjs.org/d3-selection/-/d3-selection-1.3.0.tgz",
          "integrity": "sha512-qgpUOg9tl5CirdqESUAu0t9MU/t3O9klYfGfyKsXEmhyxyzLpzpeh08gaxBUTQw1uXIOkr/30Ut2YRjSSxlmHA=="
        },
        "d3-time": {
          "version": "1.0.8",
          "resolved": "https://registry.npmjs.org/d3-time/-/d3-time-1.0.8.tgz",
          "integrity": "sha512-YRZkNhphZh3KcnBfitvF3c6E0JOFGikHZ4YqD+Lzv83ZHn1/u6yGenRU1m+KAk9J1GnZMnKcrtfvSktlA1DXNQ=="
        },
        "d3-time-format": {
          "version": "2.1.1",
          "resolved": "https://registry.npmjs.org/d3-time-format/-/d3-time-format-2.1.1.tgz",
          "integrity": "sha512-8kAkymq2WMfzW7e+s/IUNAtN/y3gZXGRrdGfo6R8NKPAA85UBTxZg5E61bR6nLwjPjj4d3zywSQe1CkYLPFyrw==",
          "requires": {
            "d3-time": "1"
          }
        },
        "d3-timer": {
          "version": "1.0.7",
          "resolved": "https://registry.npmjs.org/d3-timer/-/d3-timer-1.0.7.tgz",
          "integrity": "sha512-vMZXR88XujmG/L5oB96NNKH5lCWwiLM/S2HyyAQLcjWJCloK5shxta4CwOFYLZoY3AWX73v8Lgv4cCAdWtRmOA=="
        },
        "d3-transition": {
          "version": "1.1.1",
          "resolved": "https://registry.npmjs.org/d3-transition/-/d3-transition-1.1.1.tgz",
          "integrity": "sha512-xeg8oggyQ+y5eb4J13iDgKIjUcEfIOZs2BqV/eEmXm2twx80wTzJ4tB4vaZ5BKfz7XsI/DFmQL5me6O27/5ykQ==",
          "requires": {
            "d3-color": "1",
            "d3-dispatch": "1",
            "d3-ease": "1",
            "d3-interpolate": "1",
            "d3-selection": "^1.1.0",
            "d3-timer": "1"
          }
        },
        "d3-zoom": {
          "version": "1.7.1",
          "resolved": "https://registry.npmjs.org/d3-zoom/-/d3-zoom-1.7.1.tgz",
          "integrity": "sha512-sZHQ55DGq5BZBFGnRshUT8tm2sfhPHFnOlmPbbwTkAoPeVdRTkB4Xsf9GCY0TSHrTD8PeJPZGmP/TpGicwJDJQ==",
          "requires": {
            "d3-dispatch": "1",
            "d3-drag": "1",
            "d3-interpolate": "1",
            "d3-selection": "1",
            "d3-transition": "1"
          }
        }
      }
    },
    "d3-array": {
      "version": "1.2.0",
      "resolved": "https://registry.npmjs.org/d3-array/-/d3-array-1.2.0.tgz",
      "integrity": "sha1-FH0mlyDhdMQFen9CvosPPyulMQg="
    },
    "d3-axis": {
      "version": "1.0.8",
      "resolved": "https://registry.npmjs.org/d3-axis/-/d3-axis-1.0.8.tgz",
      "integrity": "sha1-MacFoLU15ldZ3hQXOjGTMTfxjvo="
    },
    "d3-brush": {
      "version": "1.0.4",
      "resolved": "https://registry.npmjs.org/d3-brush/-/d3-brush-1.0.4.tgz",
      "integrity": "sha1-AMLyOAGfJPbAoZSibUGhUw/+e8Q=",
      "requires": {
        "d3-dispatch": "1",
        "d3-drag": "1",
        "d3-interpolate": "1",
        "d3-selection": "1",
        "d3-transition": "1"
      }
    },
    "d3-chord": {
      "version": "1.0.4",
      "resolved": "https://registry.npmjs.org/d3-chord/-/d3-chord-1.0.4.tgz",
      "integrity": "sha1-fexPC6iG9xP+ERxF92NBT290yiw=",
      "requires": {
        "d3-array": "1",
        "d3-path": "1"
      }
    },
    "d3-collection": {
      "version": "1.0.4",
      "resolved": "https://registry.npmjs.org/d3-collection/-/d3-collection-1.0.4.tgz",
      "integrity": "sha1-NC39EoN8kJdPM/HMCnha6lcNzcI="
    },
    "d3-color": {
      "version": "1.0.3",
      "resolved": "https://registry.npmjs.org/d3-color/-/d3-color-1.0.3.tgz",
      "integrity": "sha1-vHZD/KjlOoNH4vva/6I2eWtYUJs="
    },
    "d3-dispatch": {
      "version": "1.0.3",
      "resolved": "https://registry.npmjs.org/d3-dispatch/-/d3-dispatch-1.0.3.tgz",
      "integrity": "sha1-RuFJHqqbWMNY/OW+TovtYm54cfg="
    },
    "d3-drag": {
      "version": "1.1.1",
      "resolved": "https://registry.npmjs.org/d3-drag/-/d3-drag-1.1.1.tgz",
      "integrity": "sha512-51aazbUuZZhPZzXv9xxwPOJTeDSVv8cXNd8oFxqJyR8ZBD9yLd09CFGSDSm3ArViHg2D5Wo1qCaKl7Efj/qchg==",
      "requires": {
        "d3-dispatch": "1",
        "d3-selection": "1"
      }
    },
    "d3-ease": {
      "version": "1.0.3",
      "resolved": "https://registry.npmjs.org/d3-ease/-/d3-ease-1.0.3.tgz",
      "integrity": "sha1-aL+8NJM4o4DETYrMT7wzBKotjA4="
    },
    "d3-hierarchy": {
      "version": "1.1.5",
      "resolved": "https://registry.npmjs.org/d3-hierarchy/-/d3-hierarchy-1.1.5.tgz",
      "integrity": "sha1-ochFxC+Eoga88cAcAQmOpN2qeiY="
    },
    "d3-interpolate": {
      "version": "1.1.5",
      "resolved": "https://registry.npmjs.org/d3-interpolate/-/d3-interpolate-1.1.5.tgz",
      "integrity": "sha1-aeCZ/zkhRxblY8muw+qdHqS4p58=",
      "requires": {
        "d3-color": "1"
      }
    },
    "d3-path": {
      "version": "1.0.5",
      "resolved": "https://registry.npmjs.org/d3-path/-/d3-path-1.0.5.tgz",
      "integrity": "sha1-JB6xhJvZ6egCHA0KeZ+KDo5EF2Q="
    },
    "d3-polygon": {
      "version": "1.0.3",
      "resolved": "https://registry.npmjs.org/d3-polygon/-/d3-polygon-1.0.3.tgz",
      "integrity": "sha1-FoiOkCZGCTPysXllKtN4Ik04LGI="
    },
    "d3-quadtree": {
      "version": "1.0.3",
      "resolved": "https://registry.npmjs.org/d3-quadtree/-/d3-quadtree-1.0.3.tgz",
      "integrity": "sha1-rHmH4+I/6AWpkPKOG1DTj8uCJDg="
    },
    "d3-queue": {
      "version": "3.0.7",
      "resolved": "https://registry.npmjs.org/d3-queue/-/d3-queue-3.0.7.tgz",
      "integrity": "sha1-yTouVLQXwJWRKdfXP2z31Ckudhg="
    },
    "d3-random": {
      "version": "1.1.0",
      "resolved": "https://registry.npmjs.org/d3-random/-/d3-random-1.1.0.tgz",
      "integrity": "sha1-ZkLlBsb6OmSFldKyRpeIqNElKdM="
    },
    "d3-selection": {
      "version": "1.1.0",
      "resolved": "https://registry.npmjs.org/d3-selection/-/d3-selection-1.1.0.tgz",
      "integrity": "sha1-GZhoSJZIj4OcoDchI9o08dMYgJw="
    },
    "d3-shape": {
      "version": "1.2.0",
      "resolved": "https://registry.npmjs.org/d3-shape/-/d3-shape-1.2.0.tgz",
      "integrity": "sha1-RdAVOPBkuv0F6j1tLLdI/YxB93c=",
      "requires": {
        "d3-path": "1"
      }
    },
    "d3-timer": {
      "version": "1.0.6",
      "resolved": "https://registry.npmjs.org/d3-timer/-/d3-timer-1.0.6.tgz",
      "integrity": "sha1-QES/FdcCXAbOfRFJ9zzQe1Tb14Q="
    },
    "d3-transition": {
      "version": "1.1.0",
      "resolved": "https://registry.npmjs.org/d3-transition/-/d3-transition-1.1.0.tgz",
      "integrity": "sha1-z8hcdOUjkyQpBUZiNXKZBWDDlm8=",
      "requires": {
        "d3-color": "1",
        "d3-dispatch": "1",
        "d3-ease": "1",
        "d3-interpolate": "1",
        "d3-selection": "^1.1.0",
        "d3-timer": "1"
      }
    },
    "d3-voronoi": {
      "version": "1.1.2",
      "resolved": "https://registry.npmjs.org/d3-voronoi/-/d3-voronoi-1.1.2.tgz",
      "integrity": "sha1-Fodmfo8TotFYyAwUgMWinLDYlzw="
    },
    "dagre-d3": {
      "version": "0.6.3",
      "resolved": "https://registry.npmjs.org/dagre-d3/-/dagre-d3-0.6.3.tgz",
      "integrity": "sha512-1vAzNp7OR1370JtjNaVFiW04DBjPDq513cJnqNVWxIkZqB0HfIArsc5eriTY9RM9cVMUjxdCJ3z4of5f8HqbdA==",
      "requires": {
        "d3": "^4.12.2",
        "dagre": "^0.8.4",
        "graphlib": "^2.1.7",
        "lodash": "^4.17.10"
      },
      "dependencies": {
        "dagre": {
          "version": "0.8.4",
          "resolved": "https://registry.npmjs.org/dagre/-/dagre-0.8.4.tgz",
          "integrity": "sha512-Dj0csFDrWYKdavwROb9FccHfTC4fJbyF/oJdL9LNZJ8WUvl968P6PAKEriGqfbdArVJEmmfA+UyumgWEwcHU6A==",
          "requires": {
            "graphlib": "^2.1.7",
            "lodash": "^4.17.4"
          }
        },
        "graphlib": {
          "version": "2.1.7",
          "resolved": "https://registry.npmjs.org/graphlib/-/graphlib-2.1.7.tgz",
          "integrity": "sha512-TyI9jIy2J4j0qgPmOOrHTCtpPqJGN/aurBwc6ZT+bRii+di1I+Wv3obRhVrmBEXet+qkMaEX67dXrwsd3QQM6w==",
          "requires": {
            "lodash": "^4.17.5"
          }
        }
      }
    },
    "diff": {
      "version": "3.5.0",
      "resolved": "https://registry.npmjs.org/diff/-/diff-3.5.0.tgz",
      "integrity": "sha512-A46qtFgd+g7pDZinpnwiRJtxbC1hpgf0uzP3iG89scHk0AUC7A1TGxf5OiiOUv/JMZR8GOt8hL900hV0bOy5xA==",
      "dev": true
    },
    "font-awesome": {
      "version": "4.7.0",
      "resolved": "https://registry.npmjs.org/font-awesome/-/font-awesome-4.7.0.tgz",
      "integrity": "sha1-j6jPBBGhoxr9B7BtKQK7n8gVoTM="
    },
    "get-own-enumerable-property-symbols": {
      "version": "2.0.1",
      "resolved": "https://registry.npmjs.org/get-own-enumerable-property-symbols/-/get-own-enumerable-property-symbols-2.0.1.tgz",
      "integrity": "sha512-TtY/sbOemiMKPRUDDanGCSgBYe7Mf0vbRsWnBZ+9yghpZ1MvcpSpuZFjHdEeY/LZjZy0vdLjS77L6HosisFiug=="
    },
    "has-flag": {
      "version": "3.0.0",
      "resolved": "https://registry.npmjs.org/has-flag/-/has-flag-3.0.0.tgz",
      "integrity": "sha1-tdRU3CGZriJWmfNGfloH87lVuv0=",
      "dev": true
    },
    "humps": {
      "version": "2.0.1",
      "resolved": "https://registry.npmjs.org/humps/-/humps-2.0.1.tgz",
      "integrity": "sha1-3QLqYIG9BWjcXQcxhEY5V7qe+ao="
    },
    "iconv-lite": {
      "version": "0.4.24",
      "resolved": "https://registry.npmjs.org/iconv-lite/-/iconv-lite-0.4.24.tgz",
      "integrity": "sha512-v3MXnZAcvnywkTUEZomIActle7RXXeedOR31wwl7VlyoXO4Qi9arvSenNQWne1TcRwhCL1HwLI21bEqdpj8/rA==",
      "requires": {
        "safer-buffer": ">= 2.1.2 < 3"
      }
    },
    "is-obj": {
      "version": "1.0.1",
      "resolved": "https://registry.npmjs.org/is-obj/-/is-obj-1.0.1.tgz",
      "integrity": "sha1-PkcprB9f3gJc19g6iW2rn09n2w8="
    },
    "is-plain-object": {
      "version": "2.0.4",
      "resolved": "https://registry.npmjs.org/is-plain-object/-/is-plain-object-2.0.4.tgz",
      "integrity": "sha512-h5PpgXkWitc38BBMYawTYMWJHFZJVnBquFE57xFpjB8pJFiF6gZ+bU+WyI/yqXiFR5mdLsgYNaPe8uao6Uv9Og==",
      "requires": {
        "isobject": "^3.0.1"
      }
    },
    "is-regexp": {
      "version": "1.0.0",
      "resolved": "https://registry.npmjs.org/is-regexp/-/is-regexp-1.0.0.tgz",
      "integrity": "sha1-/S2INUXEa6xaYz57mgnof6LLUGk="
    },
    "isarray": {
      "version": "0.0.1",
      "resolved": "https://registry.npmjs.org/isarray/-/isarray-0.0.1.tgz",
      "integrity": "sha1-ihis/Kmo9Bd+Cav8YDiTmwXR7t8=",
      "dev": true
    },
    "isobject": {
      "version": "3.0.1",
      "resolved": "https://registry.npmjs.org/isobject/-/isobject-3.0.1.tgz",
      "integrity": "sha1-TkMekrEalzFjaqH5yNHMvP2reN8="
    },
    "js-tokens": {
      "version": "3.0.2",
      "resolved": "https://registry.npmjs.org/js-tokens/-/js-tokens-3.0.2.tgz",
      "integrity": "sha1-mGbfOVECEw449/mWvOtlRDIJwls="
    },
    "just-extend": {
      "version": "4.0.2",
      "resolved": "https://registry.npmjs.org/just-extend/-/just-extend-4.0.2.tgz",
      "integrity": "sha512-FrLwOgm+iXrPV+5zDU6Jqu4gCRXbWEQg2O3SKONsWE4w7AXFRkryS53bpWdaL9cNol+AmR3AEYz6kn+o0fCPnw==",
      "dev": true
    },
    "lodash": {
      "version": "4.17.11",
      "resolved": "https://registry.npmjs.org/lodash/-/lodash-4.17.11.tgz",
      "integrity": "sha512-cQKh8igo5QUhZ7lg38DYWAxMvjSAKG0A8wGSVimP07SIUEK2UO+arSRKbRZWtelMtN5V0Hkwh5ryOto/SshYIg=="
    },
    "lodash.get": {
      "version": "4.4.2",
      "resolved": "https://registry.npmjs.org/lodash.get/-/lodash.get-4.4.2.tgz",
      "integrity": "sha1-LRd/ZS+jHpObRDjVNBSZ36OCXpk=",
      "dev": true
    },
    "lolex": {
      "version": "3.0.0",
      "resolved": "https://registry.npmjs.org/lolex/-/lolex-3.0.0.tgz",
      "integrity": "sha512-hcnW80h3j2lbUfFdMArd5UPA/vxZJ+G8vobd+wg3nVEQA0EigStbYcrG030FJxL6xiDDPEkoMatV9xIh5OecQQ==",
      "dev": true
    },
    "loose-envify": {
      "version": "1.4.0",
      "resolved": "https://registry.npmjs.org/loose-envify/-/loose-envify-1.4.0.tgz",
      "integrity": "sha512-lyuxPGr/Wfhrlem2CL/UcnUc1zcqKAImBDzukY7Y5F/yQiNdko6+fRLevlw1HgMySw7f611UIY408EtxRSoK3Q==",
      "requires": {
        "js-tokens": "^3.0.0 || ^4.0.0"
      }
    },
    "nise": {
      "version": "1.4.8",
      "resolved": "https://registry.npmjs.org/nise/-/nise-1.4.8.tgz",
      "integrity": "sha512-kGASVhuL4tlAV0tvA34yJYZIVihrUt/5bDwpp4tTluigxUr2bBlJeDXmivb6NuEdFkqvdv/Ybb9dm16PSKUhtw==",
      "dev": true,
      "requires": {
        "@sinonjs/formatio": "^3.1.0",
        "just-extend": "^4.0.2",
        "lolex": "^2.3.2",
        "path-to-regexp": "^1.7.0",
        "text-encoding": "^0.6.4"
      },
      "dependencies": {
        "lolex": {
          "version": "2.7.5",
          "resolved": "https://registry.npmjs.org/lolex/-/lolex-2.7.5.tgz",
          "integrity": "sha512-l9x0+1offnKKIzYVjyXU2SiwhXDLekRzKyhnbyldPHvC7BvLPVpdNUNR2KeMAiCN2D/kLNttZgQD5WjSxuBx3Q==",
          "dev": true
        }
      }
    },
    "object-assign": {
      "version": "4.1.1",
      "resolved": "https://registry.npmjs.org/object-assign/-/object-assign-4.1.1.tgz",
      "integrity": "sha1-IQmtx5ZYh8/AXLvUQsrIv7s2CGM="
    },
    "path-to-regexp": {
      "version": "1.7.0",
      "resolved": "https://registry.npmjs.org/path-to-regexp/-/path-to-regexp-1.7.0.tgz",
      "integrity": "sha1-Wf3g9DW62suhA6hOnTvGTpa5k30=",
      "dev": true,
      "requires": {
        "isarray": "0.0.1"
      }
    },
    "prop-types": {
      "version": "15.6.2",
      "resolved": "https://registry.npmjs.org/prop-types/-/prop-types-15.6.2.tgz",
      "integrity": "sha512-3pboPvLiWD7dkI3qf3KbUe6hKFKa52w+AE0VCqECtf+QHAKgOL37tTaNCnuX1nAAQ4ZhyP+kYVKf8rLmJ/feDQ==",
      "requires": {
        "loose-envify": "^1.3.1",
        "object-assign": "^4.1.1"
      }
    },
    "react-contexify": {
      "version": "4.0.2",
      "resolved": "https://registry.npmjs.org/react-contexify/-/react-contexify-4.0.2.tgz",
      "integrity": "sha512-BybRBmudAp/wO02dRrRQDaIAwwS9QfPCwh8TUwXKnn/hb+dCQbgYnAWHVouEiJ+00jX8QcYKL3hBbUEU6DrB/g==",
      "requires": {
        "classnames": "^2.2.6",
        "prop-types": "^15.6.2"
      }
    },
    "react-directed-graph": {
      "version": "1.0.5",
      "resolved": "https://registry.npmjs.org/react-directed-graph/-/react-directed-graph-1.0.5.tgz",
      "integrity": "sha512-mta6jvd9SphWXtL1nfJVqJgjz0C6OVWdAqwHF6R0snGXPTe4vNCIJPX/3pQfOgke4zgr88hKFBEOiaP2gjoKuw==",
      "requires": {
        "@fortawesome/fontawesome-svg-core": "^1.2.14",
        "@fortawesome/free-solid-svg-icons": "^5.7.1",
        "@fortawesome/react-fontawesome": "^0.1.4",
        "dagre-d3": "^0.6.1",
        "lodash": "^4.17.11",
        "react-element-to-jsx-string": "^14.0.2",
        "react-style-object-to-css": "^1.1.2"
      }
    },
    "react-element-to-jsx-string": {
      "version": "14.0.2",
      "resolved": "https://registry.npmjs.org/react-element-to-jsx-string/-/react-element-to-jsx-string-14.0.2.tgz",
      "integrity": "sha512-eYcPUg3FJisgAb8q3sSdce8F/xMZD/iFEjMZYnkE3b7gPi5OamGr2Hst/1pE72mzn7//dfYPXb+UqPK2xdSGsg==",
      "requires": {
        "is-plain-object": "2.0.4",
        "stringify-object": "3.2.2"
      }
    },
    "react-stepper-wizard": {
      "version": "1.1.5",
      "resolved": "https://registry.npmjs.org/react-stepper-wizard/-/react-stepper-wizard-1.1.5.tgz",
      "integrity": "sha512-f3GESPRZQNHkcg5PQmhWCIMujY1Y5+ImuyDTI3OVetKF5IbCt067D3Hu8KIyQO+DqkFzM5bL5cw6EsXU+zrxmw==",
      "requires": {
        "font-awesome": "^4.7.0"
      }
    },
    "react-style-object-to-css": {
      "version": "1.1.2",
      "resolved": "https://registry.npmjs.org/react-style-object-to-css/-/react-style-object-to-css-1.1.2.tgz",
      "integrity": "sha512-+5MFULqCCj7wwJJ/ISKFP91ZlHVF1Rv8o0neiTKvt21XDTU5e34tc8hy+XPLeYWYOupdHt25HxxwocvYm3HM6A=="
    },
    "rw": {
      "version": "1.3.3",
      "resolved": "https://registry.npmjs.org/rw/-/rw-1.3.3.tgz",
      "integrity": "sha1-P4Yt+pGrdmsUiF700BEkv9oHT7Q="
    },
    "safer-buffer": {
      "version": "2.1.2",
      "resolved": "https://registry.npmjs.org/safer-buffer/-/safer-buffer-2.1.2.tgz",
      "integrity": "sha512-YZo3K82SD7Riyi0E1EQPojLz7kpepnSQI9IyPbHHg1XXXevb5dJI7tpyN2ADxGcQbHG7vcyRHk0cbwqcQriUtg=="
    },
    "sinon": {
      "version": "7.2.2",
      "resolved": "https://registry.npmjs.org/sinon/-/sinon-7.2.2.tgz",
      "integrity": "sha512-WLagdMHiEsrRmee3jr6IIDntOF4kbI6N2pfbi8wkv50qaUQcBglkzkjtoOEbeJ2vf1EsrHhLI+5Ny8//WHdMoA==",
      "dev": true,
      "requires": {
        "@sinonjs/commons": "^1.2.0",
        "@sinonjs/formatio": "^3.1.0",
        "@sinonjs/samsam": "^3.0.2",
        "diff": "^3.5.0",
        "lolex": "^3.0.0",
        "nise": "^1.4.7",
        "supports-color": "^5.5.0"
      },
      "dependencies": {
        "supports-color": {
          "version": "5.5.0",
          "resolved": "https://registry.npmjs.org/supports-color/-/supports-color-5.5.0.tgz",
          "integrity": "sha512-QjVjwdXIt408MIiAqCX4oUKsgU2EqAGzs2Ppkm4aQYbjm+ZEWEcW4SfFNTr4uMNZma0ey4f5lgLrkB0aX0QMow==",
          "dev": true,
          "requires": {
            "has-flag": "^3.0.0"
          }
        }
      }
    },
    "stringify-object": {
      "version": "3.2.2",
      "resolved": "https://registry.npmjs.org/stringify-object/-/stringify-object-3.2.2.tgz",
      "integrity": "sha512-O696NF21oLiDy8PhpWu8AEqoZHw++QW6mUv0UvKZe8gWSdSvMXkiLufK7OmnP27Dro4GU5kb9U7JIO0mBuCRQg==",
      "requires": {
        "get-own-enumerable-property-symbols": "^2.0.1",
        "is-obj": "^1.0.1",
        "is-regexp": "^1.0.0"
      }
    },
    "sweetalert2": {
      "version": "8.2.6",
      "resolved": "https://registry.npmjs.org/sweetalert2/-/sweetalert2-8.2.6.tgz",
      "integrity": "sha512-F14KlRBBJr7Hl+WWCYnBZR8heUNTBQY9nfhNWlrocnj5equ7lkWZC8BfxHXX699D8tb/LrHaEWtpIhWVMgoacA=="
    },
    "text-encoding": {
      "version": "0.6.4",
      "resolved": "http://registry.npmjs.org/text-encoding/-/text-encoding-0.6.4.tgz",
      "integrity": "sha1-45mpgiV6J22uQou5KEXLcb3CbRk=",
      "dev": true
    },
    "type-detect": {
      "version": "4.0.8",
      "resolved": "https://registry.npmjs.org/type-detect/-/type-detect-4.0.8.tgz",
      "integrity": "sha512-0fr/mIH1dlO+x7TlcMy+bIDqKPsw/70tVyeHW787goQjhmqaZe10uwLujubK9q9Lg6Fiho1KUKDYz0Z7k7g5/g==",
      "dev": true
    },
    "xmlhttprequest": {
      "version": "1.8.0",
      "resolved": "https://registry.npmjs.org/xmlhttprequest/-/xmlhttprequest-1.8.0.tgz",
      "integrity": "sha1-Z/4HXFwk/vOfnWX197f+dRcZaPw="
    }
  }
}
