{
  "name": "pipeline",
  "version": "2.0.0",
  "lockfileVersion": 1,
  "requires": true,
  "dependencies": {
    "@cartok/dagre-d3": {
      "version": "0.4.59",
      "resolved": "https://npm.l3portal.de:4873/@cartok%2fdagre-d3/-/dagre-d3-0.4.59.tgz",
      "integrity": "sha512-Ppvo8gzX9OlY5aZite+O7YywwYfaMFCujskXcJw3Cn+ceIm0J1sLVJo9bcUyEXS9KJUhh9WNEdHs6fiGbejO5g==",
      "requires": {
        "d3": "4.10.0",
        "dagre": "^0.7.4",
        "graphlib": "^2.1.1",
        "jquery": "^3.2.1",
        "lodash": "^4.17.4"
      },
      "dependencies": {
        "d3": {
          "version": "4.10.0",
          "resolved": "https://npm.l3portal.de:4873/d3/-/d3-4.10.0.tgz",
          "integrity": "sha512-PXnXfSEgrYOspAIU4ujlsJuIVHvVbT/AidBMedq6XRPXbbUwPI2rqe9kbuQofCaAW/IipdT5gSbTKw/5Xjbb5Q==",
          "requires": {
            "d3-array": "1.2.0",
            "d3-axis": "1.0.8",
            "d3-brush": "1.0.4",
            "d3-chord": "1.0.4",
            "d3-collection": "1.0.4",
            "d3-color": "1.0.3",
            "d3-dispatch": "1.0.3",
            "d3-drag": "1.1.1",
            "d3-dsv": "1.0.5",
            "d3-ease": "1.0.3",
            "d3-force": "1.0.6",
            "d3-format": "1.2.0",
            "d3-geo": "1.6.4",
            "d3-hierarchy": "1.1.5",
            "d3-interpolate": "1.1.5",
            "d3-path": "1.0.5",
            "d3-polygon": "1.0.3",
            "d3-quadtree": "1.0.3",
            "d3-queue": "3.0.7",
            "d3-random": "1.1.0",
            "d3-request": "1.0.5",
            "d3-scale": "1.0.6",
            "d3-selection": "1.1.0",
            "d3-shape": "1.2.0",
            "d3-time": "1.0.7",
            "d3-time-format": "2.0.5",
            "d3-timer": "1.0.6",
            "d3-transition": "1.1.0",
            "d3-voronoi": "1.1.2",
            "d3-zoom": "1.5.0"
          }
        }
      }
    },
    "@cartok/object-assign-deep": {
      "version": "0.4.3",
      "resolved": "https://npm.l3portal.de:4873/@cartok%2fobject-assign-deep/-/object-assign-deep-0.4.3.tgz",
      "integrity": "sha512-4lfaPMvb6wwTgkZPQGXPkPIBfO1Nus/8NzjB+xOkXaxVBRxZoOp29AOiVgPhbimn15pUxUWQPQwPSp4buCDRYg=="
    },
    "ajv": {
      "version": "6.5.5",
      "resolved": "https://npm.l3portal.de:4873/ajv/-/ajv-6.5.5.tgz",
      "integrity": "sha512-7q7gtRQDJSyuEHjuVgHoUa2VuemFiCMrfQc9Tc08XTAc4Zj/5U1buQJ0HU6i7fKjXU09SVgSmxa4sLvuvS8Iyg==",
      "requires": {
        "fast-deep-equal": "^2.0.1",
        "fast-json-stable-stringify": "^2.0.0",
        "json-schema-traverse": "^0.4.1",
        "uri-js": "^4.2.2"
      }
    },
    "ajv-keywords": {
      "version": "3.2.0",
      "resolved": "https://npm.l3portal.de:4873/ajv-keywords/-/ajv-keywords-3.2.0.tgz",
      "integrity": "sha1-6GuBnGAs+IIa1jdBNpjx3sAhhHo="
    },
    "ansi-regex": {
      "version": "2.1.1",
      "resolved": "https://npm.l3portal.de:4873/ansi-regex/-/ansi-regex-2.1.1.tgz",
      "integrity": "sha1-w7M6te42DYbg5ijwRorn7yfWVN8="
    },
    "ansi-styles": {
      "version": "2.2.1",
      "resolved": "https://npm.l3portal.de:4873/ansi-styles/-/ansi-styles-2.2.1.tgz",
      "integrity": "sha1-tDLdM1i2NM914eRmQ2gkBTPB3b4="
    },
    "babel-code-frame": {
      "version": "6.26.0",
      "resolved": "https://npm.l3portal.de:4873/babel-code-frame/-/babel-code-frame-6.26.0.tgz",
      "integrity": "sha1-Y/1D99weO7fONZR9uP42mj9Yx0s=",
      "requires": {
        "chalk": "^1.1.3",
        "esutils": "^2.0.2",
        "js-tokens": "^3.0.2"
      }
    },
    "big.js": {
      "version": "3.2.0",
      "resolved": "https://npm.l3portal.de:4873/big.js/-/big.js-3.2.0.tgz",
      "integrity": "sha512-+hN/Zh2D08Mx65pZ/4g5bsmNiZUuChDiQfTUQ7qJr4/kuopCr88xZsAXv6mBoZEsUI4OuGHlX59qE94K2mMW8Q=="
    },
    "bootstrap": {
      "version": "4.1.3",
      "resolved": "https://npm.l3portal.de:4873/bootstrap/-/bootstrap-4.1.3.tgz",
      "integrity": "sha512-rDFIzgXcof0jDyjNosjv4Sno77X4KuPeFxG2XZZv1/Kc8DRVGVADdoQyyOVDwPqL36DDmtCQbrpMCqvpPLJQ0w=="
    },
    "chalk": {
      "version": "1.1.3",
      "resolved": "https://npm.l3portal.de:4873/chalk/-/chalk-1.1.3.tgz",
      "integrity": "sha1-qBFcVeSnAv5NFQq9OHKCKn4J/Jg=",
      "requires": {
        "ansi-styles": "^2.2.1",
        "escape-string-regexp": "^1.0.2",
        "has-ansi": "^2.0.0",
        "strip-ansi": "^3.0.0",
        "supports-color": "^2.0.0"
      }
    },
    "color-convert": {
      "version": "1.9.3",
      "resolved": "https://npm.l3portal.de:4873/color-convert/-/color-convert-1.9.3.tgz",
      "integrity": "sha512-QfAUtd+vFdAtFQcC8CCyYt1fYWxSqAiK2cSD6zDB8N3cpsEBAvRxp9zOGg6G/SHHJYAT88/az/IuDGALsNVbGg==",
      "requires": {
        "color-name": "1.1.3"
      }
    },
    "color-name": {
      "version": "1.1.3",
      "resolved": "https://npm.l3portal.de:4873/color-name/-/color-name-1.1.3.tgz",
      "integrity": "sha1-p9BVi9icQveV3UIyj3QIMcpTvCU="
    },
    "commander": {
      "version": "2.17.1",
      "resolved": "https://npm.l3portal.de:4873/commander/-/commander-2.17.1.tgz",
      "integrity": "sha512-wPMUt6FnH2yzG95SA6mzjQOEKUU3aLaDEmzs1ti+1E9h+CsrZghRlqEM/EJ4KscsQVG8uNN4uVreUeT8+drlgg=="
    },
    "css-loader": {
      "version": "1.0.1",
      "resolved": "https://npm.l3portal.de:4873/css-loader/-/css-loader-1.0.1.tgz",
      "integrity": "sha512-+ZHAZm/yqvJ2kDtPne3uX0C+Vr3Zn5jFn2N4HywtS5ujwvsVkyg0VArEXpl3BgczDA8anieki1FIzhchX4yrDw==",
      "requires": {
        "babel-code-frame": "^6.26.0",
        "css-selector-tokenizer": "^0.7.0",
        "icss-utils": "^2.1.0",
        "loader-utils": "^1.0.2",
        "lodash": "^4.17.11",
        "postcss": "^6.0.23",
        "postcss-modules-extract-imports": "^1.2.0",
        "postcss-modules-local-by-default": "^1.2.0",
        "postcss-modules-scope": "^1.1.0",
        "postcss-modules-values": "^1.3.0",
        "postcss-value-parser": "^3.3.0",
        "source-list-map": "^2.0.0"
      },
      "dependencies": {
        "lodash": {
          "version": "4.17.11",
          "resolved": "https://npm.l3portal.de:4873/lodash/-/lodash-4.17.11.tgz",
          "integrity": "sha512-cQKh8igo5QUhZ7lg38DYWAxMvjSAKG0A8wGSVimP07SIUEK2UO+arSRKbRZWtelMtN5V0Hkwh5ryOto/SshYIg=="
        }
      }
    },
    "css-selector-tokenizer": {
      "version": "0.7.1",
      "resolved": "https://npm.l3portal.de:4873/css-selector-tokenizer/-/css-selector-tokenizer-0.7.1.tgz",
      "integrity": "sha512-xYL0AMZJ4gFzJQsHUKa5jiWWi2vH77WVNg7JYRyewwj6oPh4yb/y6Y9ZCw9dsj/9UauMhtuxR+ogQd//EdEVNA==",
      "requires": {
        "cssesc": "^0.1.0",
        "fastparse": "^1.1.1",
        "regexpu-core": "^1.0.0"
      }
    },
    "cssesc": {
      "version": "0.1.0",
      "resolved": "https://npm.l3portal.de:4873/cssesc/-/cssesc-0.1.0.tgz",
      "integrity": "sha1-yBSQPkViM3GgR3tAEJqq++6t27Q="
    },
    "d3": {
      "version": "3.5.17",
      "resolved": "https://npm.l3portal.de:4873/d3/-/d3-3.5.17.tgz",
      "integrity": "sha1-vEZ0gAQ3iyGjYMn8fPUjF5B2L7g="
    },
    "d3-array": {
      "version": "1.2.0",
      "resolved": "https://npm.l3portal.de:4873/d3-array/-/d3-array-1.2.0.tgz",
      "integrity": "sha1-FH0mlyDhdMQFen9CvosPPyulMQg="
    },
    "d3-axis": {
      "version": "1.0.8",
      "resolved": "https://npm.l3portal.de:4873/d3-axis/-/d3-axis-1.0.8.tgz",
      "integrity": "sha1-MacFoLU15ldZ3hQXOjGTMTfxjvo="
    },
    "d3-brush": {
      "version": "1.0.4",
      "resolved": "https://npm.l3portal.de:4873/d3-brush/-/d3-brush-1.0.4.tgz",
      "integrity": "sha1-AMLyOAGfJPbAoZSibUGhUw/+e8Q=",
      "requires": {
        "d3-dispatch": "1",
        "d3-drag": "1",
        "d3-interpolate": "1",
        "d3-selection": "1",
        "d3-transition": "1"
      }
    },
    "d3-chord": {
      "version": "1.0.4",
      "resolved": "https://npm.l3portal.de:4873/d3-chord/-/d3-chord-1.0.4.tgz",
      "integrity": "sha1-fexPC6iG9xP+ERxF92NBT290yiw=",
      "requires": {
        "d3-array": "1",
        "d3-path": "1"
      }
    },
    "d3-collection": {
      "version": "1.0.4",
      "resolved": "https://npm.l3portal.de:4873/d3-collection/-/d3-collection-1.0.4.tgz",
      "integrity": "sha1-NC39EoN8kJdPM/HMCnha6lcNzcI="
    },
    "d3-color": {
      "version": "1.0.3",
      "resolved": "https://npm.l3portal.de:4873/d3-color/-/d3-color-1.0.3.tgz",
      "integrity": "sha1-vHZD/KjlOoNH4vva/6I2eWtYUJs="
    },
    "d3-dispatch": {
      "version": "1.0.3",
      "resolved": "https://npm.l3portal.de:4873/d3-dispatch/-/d3-dispatch-1.0.3.tgz",
      "integrity": "sha1-RuFJHqqbWMNY/OW+TovtYm54cfg="
    },
    "d3-drag": {
      "version": "1.1.1",
      "resolved": "https://npm.l3portal.de:4873/d3-drag/-/d3-drag-1.1.1.tgz",
      "integrity": "sha512-51aazbUuZZhPZzXv9xxwPOJTeDSVv8cXNd8oFxqJyR8ZBD9yLd09CFGSDSm3ArViHg2D5Wo1qCaKl7Efj/qchg==",
      "requires": {
        "d3-dispatch": "1",
        "d3-selection": "1"
      }
    },
    "d3-dsv": {
      "version": "1.0.5",
      "resolved": "https://npm.l3portal.de:4873/d3-dsv/-/d3-dsv-1.0.5.tgz",
      "integrity": "sha1-QZ99tH9ih4n8P9tjbmeESdCCETY=",
      "requires": {
        "commander": "2",
        "iconv-lite": "0.4",
        "rw": "1"
      }
    },
    "d3-ease": {
      "version": "1.0.3",
      "resolved": "https://npm.l3portal.de:4873/d3-ease/-/d3-ease-1.0.3.tgz",
      "integrity": "sha1-aL+8NJM4o4DETYrMT7wzBKotjA4="
    },
    "d3-force": {
      "version": "1.0.6",
      "resolved": "https://npm.l3portal.de:4873/d3-force/-/d3-force-1.0.6.tgz",
      "integrity": "sha1-6n4bdzDiZkzTFPWU1nGMV8wTK3k=",
      "requires": {
        "d3-collection": "1",
        "d3-dispatch": "1",
        "d3-quadtree": "1",
        "d3-timer": "1"
      }
    },
    "d3-format": {
      "version": "1.2.0",
      "resolved": "https://npm.l3portal.de:4873/d3-format/-/d3-format-1.2.0.tgz",
      "integrity": "sha1-a0gLqohohdRlHcJIqPSsnaFtsHo="
    },
    "d3-geo": {
      "version": "1.6.4",
      "resolved": "https://npm.l3portal.de:4873/d3-geo/-/d3-geo-1.6.4.tgz",
      "integrity": "sha1-8g4eRhyxhF9ai+Vatvh2VCp+MZk=",
      "requires": {
        "d3-array": "1"
      }
    },
    "d3-hierarchy": {
      "version": "1.1.5",
      "resolved": "https://npm.l3portal.de:4873/d3-hierarchy/-/d3-hierarchy-1.1.5.tgz",
      "integrity": "sha1-ochFxC+Eoga88cAcAQmOpN2qeiY="
    },
    "d3-interpolate": {
      "version": "1.1.5",
      "resolved": "https://npm.l3portal.de:4873/d3-interpolate/-/d3-interpolate-1.1.5.tgz",
      "integrity": "sha1-aeCZ/zkhRxblY8muw+qdHqS4p58=",
      "requires": {
        "d3-color": "1"
      }
    },
    "d3-path": {
      "version": "1.0.5",
      "resolved": "https://npm.l3portal.de:4873/d3-path/-/d3-path-1.0.5.tgz",
      "integrity": "sha1-JB6xhJvZ6egCHA0KeZ+KDo5EF2Q="
    },
    "d3-polygon": {
      "version": "1.0.3",
      "resolved": "https://npm.l3portal.de:4873/d3-polygon/-/d3-polygon-1.0.3.tgz",
      "integrity": "sha1-FoiOkCZGCTPysXllKtN4Ik04LGI="
    },
    "d3-quadtree": {
      "version": "1.0.3",
      "resolved": "https://npm.l3portal.de:4873/d3-quadtree/-/d3-quadtree-1.0.3.tgz",
      "integrity": "sha1-rHmH4+I/6AWpkPKOG1DTj8uCJDg="
    },
    "d3-queue": {
      "version": "3.0.7",
      "resolved": "https://npm.l3portal.de:4873/d3-queue/-/d3-queue-3.0.7.tgz",
      "integrity": "sha1-yTouVLQXwJWRKdfXP2z31Ckudhg="
    },
    "d3-random": {
      "version": "1.1.0",
      "resolved": "https://npm.l3portal.de:4873/d3-random/-/d3-random-1.1.0.tgz",
      "integrity": "sha1-ZkLlBsb6OmSFldKyRpeIqNElKdM="
    },
    "d3-request": {
      "version": "1.0.5",
      "resolved": "https://npm.l3portal.de:4873/d3-request/-/d3-request-1.0.5.tgz",
      "integrity": "sha1-TarpRtHdDVff4B8CKVY1SVjVHyM=",
      "requires": {
        "d3-collection": "1",
        "d3-dispatch": "1",
        "d3-dsv": "1",
        "xmlhttprequest": "1"
      }
    },
    "d3-scale": {
      "version": "1.0.6",
      "resolved": "https://npm.l3portal.de:4873/d3-scale/-/d3-scale-1.0.6.tgz",
      "integrity": "sha1-vOGdqA06DPQiyVQ64zIghiILNO0=",
      "requires": {
        "d3-array": "^1.2.0",
        "d3-collection": "1",
        "d3-color": "1",
        "d3-format": "1",
        "d3-interpolate": "1",
        "d3-time": "1",
        "d3-time-format": "2"
      }
    },
    "d3-selection": {
      "version": "1.1.0",
      "resolved": "https://npm.l3portal.de:4873/d3-selection/-/d3-selection-1.1.0.tgz",
      "integrity": "sha1-GZhoSJZIj4OcoDchI9o08dMYgJw="
    },
    "d3-shape": {
      "version": "1.2.0",
      "resolved": "https://npm.l3portal.de:4873/d3-shape/-/d3-shape-1.2.0.tgz",
      "integrity": "sha1-RdAVOPBkuv0F6j1tLLdI/YxB93c=",
      "requires": {
        "d3-path": "1"
      }
    },
    "d3-time": {
      "version": "1.0.7",
      "resolved": "https://npm.l3portal.de:4873/d3-time/-/d3-time-1.0.7.tgz",
      "integrity": "sha1-lMr27bt4ebuAnQ0fdXK8SEgvcnA="
    },
    "d3-time-format": {
      "version": "2.0.5",
      "resolved": "https://npm.l3portal.de:4873/d3-time-format/-/d3-time-format-2.0.5.tgz",
      "integrity": "sha1-nXeAIE98kRnJFwsaVttN6aivly4=",
      "requires": {
        "d3-time": "1"
      }
    },
    "d3-timer": {
      "version": "1.0.6",
      "resolved": "https://npm.l3portal.de:4873/d3-timer/-/d3-timer-1.0.6.tgz",
      "integrity": "sha1-QES/FdcCXAbOfRFJ9zzQe1Tb14Q="
    },
    "d3-tip": {
      "version": "0.6.8",
      "resolved": "https://npm.l3portal.de:4873/d3-tip/-/d3-tip-0.6.8.tgz",
      "integrity": "sha1-5bRJGuiYP95kbqSQCP9UKgM8Ciw=",
      "requires": {
        "d3": "^3.5.5"
      }
    },
    "d3-transition": {
      "version": "1.1.0",
      "resolved": "https://npm.l3portal.de:4873/d3-transition/-/d3-transition-1.1.0.tgz",
      "integrity": "sha1-z8hcdOUjkyQpBUZiNXKZBWDDlm8=",
      "requires": {
        "d3-color": "1",
        "d3-dispatch": "1",
        "d3-ease": "1",
        "d3-interpolate": "1",
        "d3-selection": "^1.1.0",
        "d3-timer": "1"
      }
    },
    "d3-voronoi": {
      "version": "1.1.2",
      "resolved": "https://npm.l3portal.de:4873/d3-voronoi/-/d3-voronoi-1.1.2.tgz",
      "integrity": "sha1-Fodmfo8TotFYyAwUgMWinLDYlzw="
    },
    "d3-zoom": {
      "version": "1.5.0",
      "resolved": "https://npm.l3portal.de:4873/d3-zoom/-/d3-zoom-1.5.0.tgz",
      "integrity": "sha512-tc/ONeSUVuwHczjjK4jQPd0T1iZ+lfsz8TbguAAceY5qs057hp4WLglkPWValkuVjCyeGpqiA2iTm8S++NJ84w==",
      "requires": {
        "d3-dispatch": "1",
        "d3-drag": "1",
        "d3-interpolate": "1",
        "d3-selection": "1",
        "d3-transition": "1"
      }
    },
    "dagre": {
      "version": "0.7.4",
      "resolved": "https://npm.l3portal.de:4873/dagre/-/dagre-0.7.4.tgz",
      "integrity": "sha1-3nLw50pVDOEc5jjwoTb+1xI5gCI=",
      "requires": {
        "graphlib": "^1.0.5",
        "lodash": "^3.10.0"
      },
      "dependencies": {
        "graphlib": {
          "version": "1.0.7",
          "resolved": "https://npm.l3portal.de:4873/graphlib/-/graphlib-1.0.7.tgz",
          "integrity": "sha1-DKst8P/mq+BwsmJb+h7bbslnuLE=",
          "requires": {
            "lodash": "^3.10.0"
          }
        },
        "lodash": {
          "version": "3.10.1",
          "resolved": "https://npm.l3portal.de:4873/lodash/-/lodash-3.10.1.tgz",
          "integrity": "sha1-W/Rejkm6QYnhfUgnid/RW9FAt7Y="
        }
      }
    },
    "datatables.net": {
      "version": "1.10.19",
      "resolved": "https://npm.l3portal.de:4873/datatables.net/-/datatables.net-1.10.19.tgz",
      "integrity": "sha512-+ljXcI6Pj3PTGy5pesp3E5Dr3x3AV45EZe0o1r0gKENN2gafBKXodVnk2ypKwl2tTmivjxbkiqoWnipTefyBTA==",
      "requires": {
        "jquery": ">=1.7"
      }
    },
    "datatables.net-bs": {
      "version": "1.10.19",
      "resolved": "https://npm.l3portal.de:4873/datatables.net-bs/-/datatables.net-bs-1.10.19.tgz",
      "integrity": "sha512-5gxoI2n+duZP06+4xVC2TtH6zcY369/TRKTZ1DdSgDcDUl4OYQsrXCuaLJmbVzna/5Y5lrMmK7CxgvYgIynICA==",
      "requires": {
        "datatables.net": "1.10.19",
        "jquery": ">=1.7"
      }
    },
    "datatables.net-buttons": {
      "version": "1.5.3",
      "resolved": "https://npm.l3portal.de:4873/datatables.net-buttons/-/datatables.net-buttons-1.5.3.tgz",
      "integrity": "sha512-qGdYiquuIvoZSH0jkRTcVnS1LlCuJFOSlIX5wNmK+3267Ryq6r9llKFtgrIORkSlyy+M1TJMViFJxRSX5W62GA==",
      "requires": {
        "datatables.net": "^1.10.15",
        "jquery": ">=1.7"
      }
    },
    "datatables.net-buttons-bs": {
      "version": "1.5.3",
      "resolved": "https://npm.l3portal.de:4873/datatables.net-buttons-bs/-/datatables.net-buttons-bs-1.5.3.tgz",
      "integrity": "sha512-kxhcdy6tUFyQt0MV6p1kFqJ+nhZjYxSkftKIAEMuLWVDhYZ5bQJkDUBOpiWAjqHz5KqXorRqxYP0TzPLuGld5A==",
      "requires": {
        "datatables.net-bs": "^1.10.15",
        "datatables.net-buttons": "1.5.3",
        "jquery": ">=1.7"
      }
    },
    "datatables.net-colreorder": {
      "version": "1.5.1",
      "resolved": "https://npm.l3portal.de:4873/datatables.net-colreorder/-/datatables.net-colreorder-1.5.1.tgz",
      "integrity": "sha512-nKV0ZBOdOG+CCrtDZZlTOvhu9NC53pr4rYR8Xhd3KIKipLZohWWdBoOFGMu+VKDvllg2Xj79oS/wicYSiNyteA==",
      "requires": {
        "datatables.net": "^1.10.15",
        "jquery": ">=1.7"
      }
    },
    "datatables.net-colreorder-bs": {
      "version": "1.5.1",
      "resolved": "https://npm.l3portal.de:4873/datatables.net-colreorder-bs/-/datatables.net-colreorder-bs-1.5.1.tgz",
      "integrity": "sha512-AAm7qewx83ov9sy6Vip2WOgkSJPPDtxj0a+zTBtHvHX1iHwX1TBY5TXmtLLsjyrUIEJSOw3o5dxXi+xRonNchQ==",
      "requires": {
        "datatables.net-bs": "^1.10.15",
        "datatables.net-colreorder": "1.5.1",
        "jquery": ">=1.7"
      }
    },
    "datatables.net-fixedheader": {
      "version": "3.1.5",
      "resolved": "https://npm.l3portal.de:4873/datatables.net-fixedheader/-/datatables.net-fixedheader-3.1.5.tgz",
      "integrity": "sha512-k5Hdj9uDe9iodr/F5Upq7D3rkO6Cw6XpnPRlfk38B0Imb+Fqe7aB3Jn88A4D79Rbla3sqO3ifQOwWoO9qlHetA==",
      "requires": {
        "datatables.net": "^1.10.15",
        "jquery": ">=1.7"
      }
    },
    "datatables.net-fixedheader-bs": {
      "version": "3.1.5",
      "resolved": "https://npm.l3portal.de:4873/datatables.net-fixedheader-bs/-/datatables.net-fixedheader-bs-3.1.5.tgz",
      "integrity": "sha512-fCu5XtHu+wCC8ttf023CyhBFnuwbGVh2pGMSCincG1iY4541CbLmcjVPMzhU3UYaVv5ljaHEdc33bQufs6bwnw==",
      "requires": {
        "datatables.net-bs": "^1.10.15",
        "datatables.net-fixedheader": "3.1.5",
        "jquery": ">=1.7"
      }
    },
    "datatables.net-keytable": {
      "version": "2.4.1",
      "resolved": "https://npm.l3portal.de:4873/datatables.net-keytable/-/datatables.net-keytable-2.4.1.tgz",
      "integrity": "sha512-01lSKN7QoIcITiEI9EDuv33/AG/VXQ5pYhQcx/UzWOdaeH9U0G4Hq2lAZZOUXCd0dkXQfYHXD8VUzdZxZGruPw==",
      "requires": {
        "datatables.net": "^1.10.15",
        "jquery": ">=1.7"
      }
    },
    "datatables.net-keytable-bs": {
      "version": "2.4.1",
      "resolved": "https://npm.l3portal.de:4873/datatables.net-keytable-bs/-/datatables.net-keytable-bs-2.4.1.tgz",
      "integrity": "sha512-lIjx26CwtPFmOXS/zz6n76HKqrxBfZOzglls8WyWRtqY74bpNOKVMB0qhsjdzRQ1d2IrL9sDbjeLTtbJCan8kg==",
      "requires": {
        "datatables.net-bs": "^1.10.15",
        "datatables.net-keytable": "2.4.1",
        "jquery": ">=1.7"
      }
    },
    "datatables.net-responsive": {
      "version": "2.2.3",
      "resolved": "https://npm.l3portal.de:4873/datatables.net-responsive/-/datatables.net-responsive-2.2.3.tgz",
      "integrity": "sha512-8D6VtZcyuH3FG0Hn5A4LPZQEOX3+HrRFM7HjpmsQc/nQDBbdeBLkJX4Sh/o1nzFTSneuT1Wh/lYZHVPpjcN+Sw==",
      "requires": {
        "datatables.net": "^1.10.15",
        "jquery": ">=1.7"
      }
    },
    "datatables.net-responsive-bs": {
      "version": "2.2.3",
      "resolved": "https://npm.l3portal.de:4873/datatables.net-responsive-bs/-/datatables.net-responsive-bs-2.2.3.tgz",
      "integrity": "sha512-tQZiqqjXGlTiRBlBP3lON7ULThiMc0sLh4hT5xLaHRWBniaQkIMNhIzX9RRybWjOEQcHS7LA/ZiwE2S7rYqq9w==",
      "requires": {
        "datatables.net-bs": "^1.10.15",
        "datatables.net-responsive": "2.2.3",
        "jquery": ">=1.7"
      }
    },
    "datatables.net-scroller": {
      "version": "1.5.1",
      "resolved": "https://npm.l3portal.de:4873/datatables.net-scroller/-/datatables.net-scroller-1.5.1.tgz",
      "integrity": "sha512-aMUarBCREmrSLE0n0NBmOMI55Re+EV4KMpR1rMc2l8jhoE+UQWF1Xe0AYuR4342ybesb1WW8U3RVlLdS6gQCmg==",
      "requires": {
        "datatables.net": "^1.10.15",
        "jquery": ">=1.7"
      }
    },
    "datatables.net-scroller-bs": {
      "version": "1.5.1",
      "resolved": "https://npm.l3portal.de:4873/datatables.net-scroller-bs/-/datatables.net-scroller-bs-1.5.1.tgz",
      "integrity": "sha512-AY/tYXPPa5PtDXP3QYaHGwIgXeE5hLTPW18FGNV/DWYBCPx53eA95scgQsL5RYAZrHqw1j49kih5HzbqlBLSNQ==",
      "requires": {
        "datatables.net-bs": "^1.10.15",
        "datatables.net-scroller": "1.5.1",
        "jquery": ">=1.7"
      }
    },
    "datatables.net-select": {
      "version": "1.2.7",
      "resolved": "https://npm.l3portal.de:4873/datatables.net-select/-/datatables.net-select-1.2.7.tgz",
      "integrity": "sha512-C3XDi7wpruGjDXV36dc9hN/FrAX9GOFvBZ7+KfKJTBNkGFbbhdzHS91SMeGiwRXPYivAyxfPTcVVndVaO83uBQ==",
      "requires": {
        "datatables.net": "^1.10.15",
        "jquery": ">=1.7"
      }
    },
    "datatables.net-select-bs": {
      "version": "1.2.7",
      "resolved": "https://npm.l3portal.de:4873/datatables.net-select-bs/-/datatables.net-select-bs-1.2.7.tgz",
      "integrity": "sha512-4gG+nlbfyQ1lKQUHfO7Z09BOztw9dI7kgRXMe4N0s3bJiS4cbqf2L/hOMXLiEIHsa8fecrVCLtUkVVG+IamDrQ==",
      "requires": {
        "datatables.net-bs": "^1.10.15",
        "datatables.net-select": "1.2.7",
        "jquery": ">=1.7"
      }
    },
    "dom-node-template": {
      "version": "3.0.3",
      "resolved": "https://npm.l3portal.de:4873/dom-node-template/-/dom-node-template-3.0.3.tgz",
      "integrity": "sha512-eY4Z9I+D87dofPA4ph6luyOPFBR2faQbrLgWe9UDDpRU8MvrKn5OtRi7rrvJgo7zeKUggd6ypxz8Glt1tGKnCA=="
    },
    "emojis-list": {
      "version": "2.1.0",
      "resolved": "https://npm.l3portal.de:4873/emojis-list/-/emojis-list-2.1.0.tgz",
      "integrity": "sha1-TapNnbAPmBmIDHn6RXrlsJof04k="
    },
    "escape-string-regexp": {
      "version": "1.0.5",
      "resolved": "https://npm.l3portal.de:4873/escape-string-regexp/-/escape-string-regexp-1.0.5.tgz",
      "integrity": "sha1-G2HAViGQqN/2rjuyzwIAyhMLhtQ="
    },
    "esutils": {
      "version": "2.0.2",
      "resolved": "https://npm.l3portal.de:4873/esutils/-/esutils-2.0.2.tgz",
      "integrity": "sha1-Cr9PHKpbyx96nYrMbepPqqBLrJs="
    },
    "fast-deep-equal": {
      "version": "2.0.1",
      "resolved": "https://npm.l3portal.de:4873/fast-deep-equal/-/fast-deep-equal-2.0.1.tgz",
      "integrity": "sha1-ewUhjd+WZ79/Nwv3/bLLFf3Qqkk="
    },
    "fast-json-stable-stringify": {
      "version": "2.0.0",
      "resolved": "https://npm.l3portal.de:4873/fast-json-stable-stringify/-/fast-json-stable-stringify-2.0.0.tgz",
      "integrity": "sha1-1RQsDK7msRifh9OnYREGT4bIu/I="
    },
    "fastparse": {
      "version": "1.1.2",
      "resolved": "https://npm.l3portal.de:4873/fastparse/-/fastparse-1.1.2.tgz",
      "integrity": "sha512-483XLLxTVIwWK3QTrMGRqUfUpoOs/0hbQrl2oz4J0pAcm3A3bu84wxTFqGqkJzewCLdME38xJLJAxBABfQT8sQ=="
    },
    "file-loader": {
      "version": "1.1.11",
      "resolved": "https://npm.l3portal.de:4873/file-loader/-/file-loader-1.1.11.tgz",
      "integrity": "sha512-TGR4HU7HUsGg6GCOPJnFk06RhWgEWFLAGWiT6rcD+GRC2keU3s9RGJ+b3Z6/U73jwwNb2gKLJ7YCrp+jvU4ALg==",
      "requires": {
        "loader-utils": "^1.0.2",
        "schema-utils": "^0.4.5"
      }
    },
    "graphlib": {
      "version": "2.1.5",
      "resolved": "https://npm.l3portal.de:4873/graphlib/-/graphlib-2.1.5.tgz",
      "integrity": "sha512-XvtbqCcw+EM5SqQrIetIKKD+uZVNQtDPD1goIg7K73RuRZtVI5rYMdcCVSHm/AS1sCBZ7vt0p5WgXouucHQaOA==",
      "requires": {
        "lodash": "^4.11.1"
      }
    },
    "has-ansi": {
      "version": "2.0.0",
      "resolved": "https://npm.l3portal.de:4873/has-ansi/-/has-ansi-2.0.0.tgz",
      "integrity": "sha1-NPUEnOHs3ysGSa8+8k5F7TVBbZE=",
      "requires": {
        "ansi-regex": "^2.0.0"
      }
    },
    "has-flag": {
      "version": "3.0.0",
      "resolved": "https://npm.l3portal.de:4873/has-flag/-/has-flag-3.0.0.tgz",
      "integrity": "sha1-tdRU3CGZriJWmfNGfloH87lVuv0="
    },
    "iconv-lite": {
      "version": "0.4.23",
      "resolved": "https://npm.l3portal.de:4873/iconv-lite/-/iconv-lite-0.4.23.tgz",
      "integrity": "sha512-neyTUVFtahjf0mB3dZT77u+8O0QB89jFdnBkd5P1JgYPbPaia3gXXOVL2fq8VyU2gMMD7SaN7QukTB/pmXYvDA==",
      "requires": {
        "safer-buffer": ">= 2.1.2 < 3"
      }
    },
    "icss-replace-symbols": {
      "version": "1.1.0",
      "resolved": "https://npm.l3portal.de:4873/icss-replace-symbols/-/icss-replace-symbols-1.1.0.tgz",
      "integrity": "sha1-Bupvg2ead0njhs/h/oEq5dsiPe0="
    },
    "icss-utils": {
      "version": "2.1.0",
      "resolved": "https://npm.l3portal.de:4873/icss-utils/-/icss-utils-2.1.0.tgz",
      "integrity": "sha1-g/Cg7DeL8yRheLbCrZE28TWxyWI=",
      "requires": {
        "postcss": "^6.0.1"
      }
    },
    "jquery": {
      "version": "3.3.1",
      "resolved": "https://npm.l3portal.de:4873/jquery/-/jquery-3.3.1.tgz",
      "integrity": "sha512-Ubldcmxp5np52/ENotGxlLe6aGMvmF4R8S6tZjsP6Knsaxd/xp3Zrh50cG93lR6nPXyUFwzN3ZSOQI0wRJNdGg=="
    },
    "jquery-ui": {
      "version": "1.12.1",
      "resolved": "https://npm.l3portal.de:4873/jquery-ui/-/jquery-ui-1.12.1.tgz",
      "integrity": "sha1-vLQEXI3QU5wTS8FIjN0+dop6nlE="
    },
    "js-tokens": {
      "version": "3.0.2",
      "resolved": "https://npm.l3portal.de:4873/js-tokens/-/js-tokens-3.0.2.tgz",
      "integrity": "sha1-mGbfOVECEw449/mWvOtlRDIJwls="
    },
    "jsesc": {
      "version": "0.5.0",
      "resolved": "https://npm.l3portal.de:4873/jsesc/-/jsesc-0.5.0.tgz",
      "integrity": "sha1-597mbjXW/Bb3EP6R1c9p9w8IkR0="
    },
    "json-schema-traverse": {
      "version": "0.4.1",
      "resolved": "https://npm.l3portal.de:4873/json-schema-traverse/-/json-schema-traverse-0.4.1.tgz",
      "integrity": "sha512-xbbCH5dCYU5T8LcEhhuh7HJ88HXuW3qsI3Y0zOZFKfZEHcpWiHU/Jxzk629Brsab/mMiHQti9wMP+845RPe3Vg=="
    },
    "json5": {
      "version": "0.5.1",
      "resolved": "https://npm.l3portal.de:4873/json5/-/json5-0.5.1.tgz",
      "integrity": "sha1-Hq3nrMASA0rYTiOWdn6tn6VJWCE="
    },
    "l3p-frontend": {
      "version": "3.0.21",
      "resolved": "https://registry.npmjs.org/l3p-frontend/-/l3p-frontend-3.0.21.tgz",
      "integrity": "sha512-aULLQkVKZkUxoqX0ZJbpbz0sJSWifQ6hY5847Lgkq/eGoZ5di5Cbp8sVsNFHaB4bYy6CpPt6O7NVci5E/MTn0Q==",
      "requires": {
        "dom-node-template": "^3.0.3",
        "literal-observer": "^0.8.2"
      }
    },
    "list.js": {
      "version": "1.5.0",
      "resolved": "https://npm.l3portal.de:4873/list.js/-/list.js-1.5.0.tgz",
      "integrity": "sha1-pMv8goHd78Av2y0wyHSL+uJfvNo=",
      "requires": {
        "string-natural-compare": "^2.0.2"
      }
    },
    "literal-observer": {
      "version": "0.8.2",
      "resolved": "https://npm.l3portal.de:4873/literal-observer/-/literal-observer-0.8.2.tgz",
      "integrity": "sha512-/higb77q0Xude0K8CjlbhFce+2d8eBvpEEeCXWPhQPa+uC9eWOTTvGX7Ug98YECj2Gz84jP+v6rgpD9R20LaNQ==",
      "requires": {
        "@cartok/object-assign-deep": "^0.4.2"
      }
    },
    "loader-utils": {
      "version": "1.1.0",
      "resolved": "https://npm.l3portal.de:4873/loader-utils/-/loader-utils-1.1.0.tgz",
      "integrity": "sha1-yYrvSIvM7aL/teLeZG1qdUQp9c0=",
      "requires": {
        "big.js": "^3.1.3",
        "emojis-list": "^2.0.0",
        "json5": "^0.5.0"
      }
    },
    "lodash": {
      "version": "4.17.10",
      "resolved": "https://npm.l3portal.de:4873/lodash/-/lodash-4.17.10.tgz",
      "integrity": "sha512-UejweD1pDoXu+AD825lWwp4ZGtSwgnpZxb3JDViD7StjQz+Nb/6l093lx4OQ0foGWNRoc19mWy7BzL+UAK2iVg=="
    },
    "lodash-es": {
      "version": "4.17.10",
      "resolved": "https://npm.l3portal.de:4873/lodash-es/-/lodash-es-4.17.10.tgz",
      "integrity": "sha512-iesFYPmxYYGTcmQK0sL8bX3TGHyM6b2qREaB4kamHfQyfPJP0xgoGxp19nsH16nsfquLdiyKyX3mQkfiSGV8Rg=="
    },
    "moment": {
      "version": "2.22.2",
      "resolved": "https://npm.l3portal.de:4873/moment/-/moment-2.22.2.tgz",
      "integrity": "sha1-PCV/mDn8DpP/UxSWMiOeuQeD/2Y="
    },
    "postcss": {
      "version": "6.0.23",
      "resolved": "https://npm.l3portal.de:4873/postcss/-/postcss-6.0.23.tgz",
      "integrity": "sha512-soOk1h6J3VMTZtVeVpv15/Hpdl2cBLX3CAw4TAbkpTJiNPk9YP/zWcD1ND+xEtvyuuvKzbxliTOIyvkSeSJ6ag==",
      "requires": {
        "chalk": "^2.4.1",
        "source-map": "^0.6.1",
        "supports-color": "^5.4.0"
      },
      "dependencies": {
        "ansi-styles": {
          "version": "3.2.1",
          "resolved": "https://npm.l3portal.de:4873/ansi-styles/-/ansi-styles-3.2.1.tgz",
          "integrity": "sha512-VT0ZI6kZRdTh8YyJw3SMbYm/u+NqfsAxEpWO0Pf9sq8/e94WxxOpPKx9FR1FlyCtOVDNOQ+8ntlqFxiRc+r5qA==",
          "requires": {
            "color-convert": "^1.9.0"
          }
        },
        "chalk": {
          "version": "2.4.1",
          "resolved": "https://npm.l3portal.de:4873/chalk/-/chalk-2.4.1.tgz",
          "integrity": "sha512-ObN6h1v2fTJSmUXoS3nMQ92LbDK9be4TV+6G+omQlGJFdcUX5heKi1LZ1YnRMIgwTLEj3E24bT6tYni50rlCfQ==",
          "requires": {
            "ansi-styles": "^3.2.1",
            "escape-string-regexp": "^1.0.5",
            "supports-color": "^5.3.0"
          }
        },
        "supports-color": {
          "version": "5.5.0",
          "resolved": "https://npm.l3portal.de:4873/supports-color/-/supports-color-5.5.0.tgz",
          "integrity": "sha512-QjVjwdXIt408MIiAqCX4oUKsgU2EqAGzs2Ppkm4aQYbjm+ZEWEcW4SfFNTr4uMNZma0ey4f5lgLrkB0aX0QMow==",
          "requires": {
            "has-flag": "^3.0.0"
          }
        }
      }
    },
    "postcss-modules-extract-imports": {
      "version": "1.2.1",
      "resolved": "https://npm.l3portal.de:4873/postcss-modules-extract-imports/-/postcss-modules-extract-imports-1.2.1.tgz",
      "integrity": "sha512-6jt9XZwUhwmRUhb/CkyJY020PYaPJsCyt3UjbaWo6XEbH/94Hmv6MP7fG2C5NDU/BcHzyGYxNtHvM+LTf9HrYw==",
      "requires": {
        "postcss": "^6.0.1"
      }
    },
    "postcss-modules-local-by-default": {
      "version": "1.2.0",
      "resolved": "https://npm.l3portal.de:4873/postcss-modules-local-by-default/-/postcss-modules-local-by-default-1.2.0.tgz",
      "integrity": "sha1-99gMOYxaOT+nlkRmvRlQCn1hwGk=",
      "requires": {
        "css-selector-tokenizer": "^0.7.0",
        "postcss": "^6.0.1"
      }
    },
    "postcss-modules-scope": {
      "version": "1.1.0",
      "resolved": "https://npm.l3portal.de:4873/postcss-modules-scope/-/postcss-modules-scope-1.1.0.tgz",
      "integrity": "sha1-1upkmUx5+XtipytCb75gVqGUu5A=",
      "requires": {
        "css-selector-tokenizer": "^0.7.0",
        "postcss": "^6.0.1"
      }
    },
    "postcss-modules-values": {
      "version": "1.3.0",
      "resolved": "https://npm.l3portal.de:4873/postcss-modules-values/-/postcss-modules-values-1.3.0.tgz",
      "integrity": "sha1-7P+p1+GSUYOJ9CrQ6D9yrsRW6iA=",
      "requires": {
        "icss-replace-symbols": "^1.1.0",
        "postcss": "^6.0.1"
      }
    },
    "postcss-value-parser": {
      "version": "3.3.1",
      "resolved": "https://npm.l3portal.de:4873/postcss-value-parser/-/postcss-value-parser-3.3.1.tgz",
      "integrity": "sha512-pISE66AbVkp4fDQ7VHBwRNXzAAKJjw4Vw7nWI/+Q3vuly7SNfgYXvm6i5IgFylHGK5sP/xHAbB7N49OS4gWNyQ=="
    },
    "punycode": {
      "version": "2.1.1",
      "resolved": "https://npm.l3portal.de:4873/punycode/-/punycode-2.1.1.tgz",
      "integrity": "sha512-XRsRjdf+j5ml+y/6GKHPZbrF/8p2Yga0JPtdqTIY2Xe5ohJPD9saDJJLPvp9+NSBprVvevdXZybnj2cv8OEd0A=="
    },
    "regenerate": {
      "version": "1.4.0",
      "resolved": "https://npm.l3portal.de:4873/regenerate/-/regenerate-1.4.0.tgz",
      "integrity": "sha512-1G6jJVDWrt0rK99kBjvEtziZNCICAuvIPkSiUFIQxVP06RCVpq3dmDo2oi6ABpYaDYaTRr67BEhL8r1wgEZZKg=="
    },
    "regexpu-core": {
      "version": "1.0.0",
      "resolved": "https://npm.l3portal.de:4873/regexpu-core/-/regexpu-core-1.0.0.tgz",
      "integrity": "sha1-hqdj9Y7k18L2sQLkdkBQ3n7ZDGs=",
      "requires": {
        "regenerate": "^1.2.1",
        "regjsgen": "^0.2.0",
        "regjsparser": "^0.1.4"
      }
    },
    "regjsgen": {
      "version": "0.2.0",
      "resolved": "https://npm.l3portal.de:4873/regjsgen/-/regjsgen-0.2.0.tgz",
      "integrity": "sha1-bAFq3qxVT3WCP+N6wFuS1aTtsfc="
    },
    "regjsparser": {
      "version": "0.1.5",
      "resolved": "https://npm.l3portal.de:4873/regjsparser/-/regjsparser-0.1.5.tgz",
      "integrity": "sha1-fuj4Tcb6eS0/0K4ijSS9lJ6tIFw=",
      "requires": {
        "jsesc": "~0.5.0"
      }
    },
    "rw": {
      "version": "1.3.3",
      "resolved": "https://npm.l3portal.de:4873/rw/-/rw-1.3.3.tgz",
      "integrity": "sha1-P4Yt+pGrdmsUiF700BEkv9oHT7Q="
    },
    "safer-buffer": {
      "version": "2.1.2",
      "resolved": "https://npm.l3portal.de:4873/safer-buffer/-/safer-buffer-2.1.2.tgz",
      "integrity": "sha512-YZo3K82SD7Riyi0E1EQPojLz7kpepnSQI9IyPbHHg1XXXevb5dJI7tpyN2ADxGcQbHG7vcyRHk0cbwqcQriUtg=="
    },
    "schema-utils": {
      "version": "0.4.7",
      "resolved": "https://npm.l3portal.de:4873/schema-utils/-/schema-utils-0.4.7.tgz",
      "integrity": "sha512-v/iwU6wvwGK8HbU9yi3/nhGzP0yGSuhQMzL6ySiec1FSrZZDkhm4noOSWzrNFo/jEc+SJY6jRTwuwbSXJPDUnQ==",
      "requires": {
        "ajv": "^6.1.0",
        "ajv-keywords": "^3.1.0"
      }
    },
    "source-list-map": {
      "version": "2.0.1",
      "resolved": "https://npm.l3portal.de:4873/source-list-map/-/source-list-map-2.0.1.tgz",
      "integrity": "sha512-qnQ7gVMxGNxsiL4lEuJwe/To8UnK7fAnmbGEEH8RpLouuKbeEm0lhbQVFIrNSuB+G7tVrAlVsZgETT5nljf+Iw=="
    },
    "source-map": {
      "version": "0.6.1",
      "resolved": "https://npm.l3portal.de:4873/source-map/-/source-map-0.6.1.tgz",
      "integrity": "sha512-UjgapumWlbMhkBgzT7Ykc5YXUT46F0iKu8SGXq0bcwP5dz/h0Plj6enJqjz1Zbq2l5WaqYnrVbwWOWMyF3F47g=="
    },
    "string-natural-compare": {
      "version": "2.0.2",
      "resolved": "https://npm.l3portal.de:4873/string-natural-compare/-/string-natural-compare-2.0.2.tgz",
      "integrity": "sha1-xc5OJ4q10SZa5vxVQ1rre3b8sAE="
    },
    "strip-ansi": {
      "version": "3.0.1",
      "resolved": "https://npm.l3portal.de:4873/strip-ansi/-/strip-ansi-3.0.1.tgz",
      "integrity": "sha1-ajhfuIU9lS1f8F0Oiq+UJ43GPc8=",
      "requires": {
        "ansi-regex": "^2.0.0"
      }
    },
    "style-loader": {
      "version": "0.21.0",
      "resolved": "https://npm.l3portal.de:4873/style-loader/-/style-loader-0.21.0.tgz",
      "integrity": "sha512-T+UNsAcl3Yg+BsPKs1vd22Fr8sVT+CJMtzqc6LEw9bbJZb43lm9GoeIfUcDEefBSWC0BhYbcdupV1GtI4DGzxg==",
      "requires": {
        "loader-utils": "^1.1.0",
        "schema-utils": "^0.4.5"
      }
    },
    "supports-color": {
      "version": "2.0.0",
      "resolved": "https://npm.l3portal.de:4873/supports-color/-/supports-color-2.0.0.tgz",
      "integrity": "sha1-U10EXOa2Nj+kARcIRimZXp3zJMc="
    },
    "sweetalert2": {
      "version": "6.11.5",
      "resolved": "https://npm.l3portal.de:4873/sweetalert2/-/sweetalert2-6.11.5.tgz",
      "integrity": "sha512-8Otu1SlWGS/u3e31cOg+uqrwyoQbByEScKp7UupmCfwEZE9St3coO1e6CXv83YzZtzdDgowdK1hBPKPW7SRp4Q=="
    },
    "uri-js": {
      "version": "4.2.2",
      "resolved": "https://npm.l3portal.de:4873/uri-js/-/uri-js-4.2.2.tgz",
      "integrity": "sha512-KY9Frmirql91X2Qgjry0Wd4Y+YTdrdZheS8TFwvkbLWf/G5KNJDCh6pKL5OZctEW4+0Baa5idK2ZQuELRwPznQ==",
      "requires": {
        "punycode": "^2.1.0"
      }
    },
    "webpack-jquery-ui": {
      "version": "2.0.1",
      "resolved": "https://npm.l3portal.de:4873/webpack-jquery-ui/-/webpack-jquery-ui-2.0.1.tgz",
      "integrity": "sha512-ykG5qttZmTraCktCOgacVRAmD8TQi6N83smVH8D7/yahi63vH31uP0ZXN2o/qwNICn9GMLsi8jVjR0M3u2MEkw==",
      "requires": {
        "css-loader": "^1.0.0",
        "file-loader": "^1.1.11",
        "jquery": "^3.3.1",
        "jquery-ui": "^1.12.1",
        "style-loader": "^0.21.0"
      }
    },
    "xmlhttprequest": {
      "version": "1.8.0",
      "resolved": "https://npm.l3portal.de:4873/xmlhttprequest/-/xmlhttprequest-1.8.0.tgz",
      "integrity": "sha1-Z/4HXFwk/vOfnWX197f+dRcZaPw="
    }
  }
}
